// !$*UTF8*$!
{
	archiveVersion = 1;
	classes = {
	};
	objectVersion = 50;
	objects = {

/* Begin PBXBuildFile section */
		8A5FCA84BF762B5627005EDE /* Pods_TopUp.framework in Frameworks */ = {isa = PBXBuildFile; fileRef = 5931276C21DC8C54CFC8B1CD /* Pods_TopUp.framework */; };
		FAA257B62660D839002F9A1E /* TopUp.h in Headers */ = {isa = PBXBuildFile; fileRef = FAA257B42660D839002F9A1E /* TopUp.h */; settings = {ATTRIBUTES = (Public, ); }; };
		FAA257D42660D8DE002F9A1E /* TopUpViewController.swift in Sources */ = {isa = PBXBuildFile; fileRef = FAA257D22660D8DE002F9A1E /* TopUpViewController.swift */; };
		FAA257D52660D8DE002F9A1E /* TopUpViewController.xib in Resources */ = {isa = PBXBuildFile; fileRef = FAA257D32660D8DE002F9A1E /* TopUpViewController.xib */; };
		FAA257D82660D8E8002F9A1E /* TopUpView.swift in Sources */ = {isa = PBXBuildFile; fileRef = FAA257D72660D8E8002F9A1E /* TopUpView.swift */; };
		FAA257DB2660D9DF002F9A1E /* Core.framework in Frameworks */ = {isa = PBXBuildFile; fileRef = FAA257DA2660D9DF002F9A1E /* Core.framework */; };
		FAA257DC2660D9DF002F9A1E /* Core.framework in Embed Frameworks */ = {isa = PBXBuildFile; fileRef = FAA257DA2660D9DF002F9A1E /* Core.framework */; settings = {ATTRIBUTES = (CodeSignOnCopy, RemoveHeadersOnCopy, ); }; };
/* End PBXBuildFile section */

/* Begin PBXCopyFilesBuildPhase section */
		FAA257DD2660D9E0002F9A1E /* Embed Frameworks */ = {
			isa = PBXCopyFilesBuildPhase;
			buildActionMask = 2147483647;
			dstPath = "";
			dstSubfolderSpec = 10;
			files = (
				FAA257DC2660D9DF002F9A1E /* Core.framework in Embed Frameworks */,
			);
			name = "Embed Frameworks";
			runOnlyForDeploymentPostprocessing = 0;
		};
/* End PBXCopyFilesBuildPhase section */

/* Begin PBXFileReference section */
		5931276C21DC8C54CFC8B1CD /* Pods_TopUp.framework */ = {isa = PBXFileReference; explicitFileType = wrapper.framework; includeInIndex = 0; path = Pods_TopUp.framework; sourceTree = BUILT_PRODUCTS_DIR; };
		5D5A37993E28824B274069CE /* Pods-TopUp.debug.xcconfig */ = {isa = PBXFileReference; includeInIndex = 1; lastKnownFileType = text.xcconfig; name = "Pods-TopUp.debug.xcconfig"; path = "Target Support Files/Pods-TopUp/Pods-TopUp.debug.xcconfig"; sourceTree = "<group>"; };
		BC6274D9832A0EA7EBDABC76 /* Pods-TopUp.release.xcconfig */ = {isa = PBXFileReference; includeInIndex = 1; lastKnownFileType = text.xcconfig; name = "Pods-TopUp.release.xcconfig"; path = "Target Support Files/Pods-TopUp/Pods-TopUp.release.xcconfig"; sourceTree = "<group>"; };
		FAA257B12660D839002F9A1E /* TopUp.framework */ = {isa = PBXFileReference; explicitFileType = wrapper.framework; includeInIndex = 0; path = TopUp.framework; sourceTree = BUILT_PRODUCTS_DIR; };
		FAA257B42660D839002F9A1E /* TopUp.h */ = {isa = PBXFileReference; lastKnownFileType = sourcecode.c.h; path = TopUp.h; sourceTree = "<group>"; };
		FAA257B52660D839002F9A1E /* Info.plist */ = {isa = PBXFileReference; lastKnownFileType = text.plist.xml; path = Info.plist; sourceTree = "<group>"; };
		FAA257D22660D8DE002F9A1E /* TopUpViewController.swift */ = {isa = PBXFileReference; lastKnownFileType = sourcecode.swift; path = TopUpViewController.swift; sourceTree = "<group>"; };
		FAA257D32660D8DE002F9A1E /* TopUpViewController.xib */ = {isa = PBXFileReference; lastKnownFileType = file.xib; path = TopUpViewController.xib; sourceTree = "<group>"; };
		FAA257D72660D8E8002F9A1E /* TopUpView.swift */ = {isa = PBXFileReference; lastKnownFileType = sourcecode.swift; path = TopUpView.swift; sourceTree = "<group>"; };
		FAA257DA2660D9DF002F9A1E /* Core.framework */ = {isa = PBXFileReference; explicitFileType = wrapper.framework; path = Core.framework; sourceTree = BUILT_PRODUCTS_DIR; };
/* End PBXFileReference section */

/* Begin PBXFrameworksBuildPhase section */
		FAA257AE2660D839002F9A1E /* Frameworks */ = {
			isa = PBXFrameworksBuildPhase;
			buildActionMask = 2147483647;
			files = (
				8A5FCA84BF762B5627005EDE /* Pods_TopUp.framework in Frameworks */,
				FAA257DB2660D9DF002F9A1E /* Core.framework in Frameworks */,
			);
			runOnlyForDeploymentPostprocessing = 0;
		};
/* End PBXFrameworksBuildPhase section */

/* Begin PBXGroup section */
		7CDD907D74A56E5C1E6568FD /* Pods */ = {
			isa = PBXGroup;
			children = (
				5D5A37993E28824B274069CE /* Pods-TopUp.debug.xcconfig */,
				BC6274D9832A0EA7EBDABC76 /* Pods-TopUp.release.xcconfig */,
			);
			name = Pods;
			path = ../../App/Pods;
			sourceTree = "<group>";
		};
		DC7178C2AF374E0AF83371BD /* Frameworks */ = {
			isa = PBXGroup;
			children = (
				FAA257DA2660D9DF002F9A1E /* Core.framework */,
				5931276C21DC8C54CFC8B1CD /* Pods_TopUp.framework */,
			);
			name = Frameworks;
			sourceTree = "<group>";
		};
		FAA257A72660D838002F9A1E = {
			isa = PBXGroup;
			children = (
				FAA257B32660D839002F9A1E /* TopUp */,
				FAA257B22660D839002F9A1E /* Products */,
				7CDD907D74A56E5C1E6568FD /* Pods */,
				DC7178C2AF374E0AF83371BD /* Frameworks */,
			);
			sourceTree = "<group>";
		};
		FAA257B22660D839002F9A1E /* Products */ = {
			isa = PBXGroup;
			children = (
				FAA257B12660D839002F9A1E /* TopUp.framework */,
			);
			name = Products;
			sourceTree = "<group>";
		};
		FAA257B32660D839002F9A1E /* TopUp */ = {
			isa = PBXGroup;
			children = (
				FAA257D12660D8C8002F9A1E /* View */,
				FAA257B42660D839002F9A1E /* TopUp.h */,
				FAA257B52660D839002F9A1E /* Info.plist */,
			);
			path = TopUp;
			sourceTree = "<group>";
		};
		FAA257D12660D8C8002F9A1E /* View */ = {
			isa = PBXGroup;
			children = (
				FAA257D22660D8DE002F9A1E /* TopUpViewController.swift */,
				FAA257D32660D8DE002F9A1E /* TopUpViewController.xib */,
				FAA257D72660D8E8002F9A1E /* TopUpView.swift */,
			);
			path = View;
			sourceTree = "<group>";
		};
/* End PBXGroup section */

/* Begin PBXHeadersBuildPhase section */
		FAA257AC2660D839002F9A1E /* Headers */ = {
			isa = PBXHeadersBuildPhase;
			buildActionMask = 2147483647;
			files = (
				FAA257B62660D839002F9A1E /* TopUp.h in Headers */,
			);
			runOnlyForDeploymentPostprocessing = 0;
		};
/* End PBXHeadersBuildPhase section */

/* Begin PBXNativeTarget section */
		FAA257B02660D839002F9A1E /* TopUp */ = {
			isa = PBXNativeTarget;
			buildConfigurationList = FAA257B92660D839002F9A1E /* Build configuration list for PBXNativeTarget "TopUp" */;
			buildPhases = (
				9FB773028C31FD7FA27FF295 /* [CP] Check Pods Manifest.lock */,
				FAA257AC2660D839002F9A1E /* Headers */,
				FAA257AD2660D839002F9A1E /* Sources */,
				FAA257AE2660D839002F9A1E /* Frameworks */,
				FAA257AF2660D839002F9A1E /* Resources */,
				FAA257DD2660D9E0002F9A1E /* Embed Frameworks */,
			);
			buildRules = (
			);
			dependencies = (
			);
			name = TopUp;
			productName = TopUp;
			productReference = FAA257B12660D839002F9A1E /* TopUp.framework */;
			productType = "com.apple.product-type.framework";
		};
/* End PBXNativeTarget section */

/* Begin PBXProject section */
		FAA257A82660D838002F9A1E /* Project object */ = {
			isa = PBXProject;
			attributes = {
				LastUpgradeCheck = 1240;
				TargetAttributes = {
					FAA257B02660D839002F9A1E = {
						CreatedOnToolsVersion = 12.4;
						LastSwiftMigration = 1240;
					};
				};
			};
			buildConfigurationList = FAA257AB2660D838002F9A1E /* Build configuration list for PBXProject "TopUp" */;
			compatibilityVersion = "Xcode 9.3";
			developmentRegion = en;
			hasScannedForEncodings = 0;
			knownRegions = (
				en,
				Base,
			);
			mainGroup = FAA257A72660D838002F9A1E;
			productRefGroup = FAA257B22660D839002F9A1E /* Products */;
			projectDirPath = "";
			projectRoot = "";
			targets = (
				FAA257B02660D839002F9A1E /* TopUp */,
			);
		};
/* End PBXProject section */

/* Begin PBXResourcesBuildPhase section */
		FAA257AF2660D839002F9A1E /* Resources */ = {
			isa = PBXResourcesBuildPhase;
			buildActionMask = 2147483647;
			files = (
				FAA257D52660D8DE002F9A1E /* TopUpViewController.xib in Resources */,
			);
			runOnlyForDeploymentPostprocessing = 0;
		};
/* End PBXResourcesBuildPhase section */

/* Begin PBXShellScriptBuildPhase section */
		9FB773028C31FD7FA27FF295 /* [CP] Check Pods Manifest.lock */ = {
			isa = PBXShellScriptBuildPhase;
			buildActionMask = 2147483647;
			files = (
			);
			inputFileListPaths = (
			);
			inputPaths = (
				"${PODS_PODFILE_DIR_PATH}/Podfile.lock",
				"${PODS_ROOT}/Manifest.lock",
			);
			name = "[CP] Check Pods Manifest.lock";
			outputFileListPaths = (
			);
			outputPaths = (
				"$(DERIVED_FILE_DIR)/Pods-TopUp-checkManifestLockResult.txt",
			);
			runOnlyForDeploymentPostprocessing = 0;
			shellPath = /bin/sh;
			shellScript = "diff \"${PODS_PODFILE_DIR_PATH}/Podfile.lock\" \"${PODS_ROOT}/Manifest.lock\" > /dev/null\nif [ $? != 0 ] ; then\n    # print error to STDERR\n    echo \"error: The sandbox is not in sync with the Podfile.lock. Run 'pod install' or update your CocoaPods installation.\" >&2\n    exit 1\nfi\n# This output is used by Xcode 'outputs' to avoid re-running this script phase.\necho \"SUCCESS\" > \"${SCRIPT_OUTPUT_FILE_0}\"\n";
			showEnvVarsInLog = 0;
		};
/* End PBXShellScriptBuildPhase section */

/* Begin PBXSourcesBuildPhase section */
		FAA257AD2660D839002F9A1E /* Sources */ = {
			isa = PBXSourcesBuildPhase;
			buildActionMask = 2147483647;
			files = (
				FAA257D42660D8DE002F9A1E /* TopUpViewController.swift in Sources */,
				FAA257D82660D8E8002F9A1E /* TopUpView.swift in Sources */,
			);
			runOnlyForDeploymentPostprocessing = 0;
		};
/* End PBXSourcesBuildPhase section */

/* Begin XCBuildConfiguration section */
		FAA257B72660D839002F9A1E /* Debug */ = {
			isa = XCBuildConfiguration;
			buildSettings = {
				ALWAYS_SEARCH_USER_PATHS = NO;
				CLANG_ANALYZER_NONNULL = YES;
				CLANG_ANALYZER_NUMBER_OBJECT_CONVERSION = YES_AGGRESSIVE;
				CLANG_CXX_LANGUAGE_STANDARD = "gnu++14";
				CLANG_CXX_LIBRARY = "libc++";
				CLANG_ENABLE_MODULES = YES;
				CLANG_ENABLE_OBJC_ARC = YES;
				CLANG_ENABLE_OBJC_WEAK = YES;
				CLANG_WARN_BLOCK_CAPTURE_AUTORELEASING = YES;
				CLANG_WARN_BOOL_CONVERSION = YES;
				CLANG_WARN_COMMA = YES;
				CLANG_WARN_CONSTANT_CONVERSION = YES;
				CLANG_WARN_DEPRECATED_OBJC_IMPLEMENTATIONS = YES;
				CLANG_WARN_DIRECT_OBJC_ISA_USAGE = YES_ERROR;
				CLANG_WARN_DOCUMENTATION_COMMENTS = YES;
				CLANG_WARN_EMPTY_BODY = YES;
				CLANG_WARN_ENUM_CONVERSION = YES;
				CLANG_WARN_INFINITE_RECURSION = YES;
				CLANG_WARN_INT_CONVERSION = YES;
				CLANG_WARN_NON_LITERAL_NULL_CONVERSION = YES;
				CLANG_WARN_OBJC_IMPLICIT_RETAIN_SELF = YES;
				CLANG_WARN_OBJC_LITERAL_CONVERSION = YES;
				CLANG_WARN_OBJC_ROOT_CLASS = YES_ERROR;
				CLANG_WARN_QUOTED_INCLUDE_IN_FRAMEWORK_HEADER = YES;
				CLANG_WARN_RANGE_LOOP_ANALYSIS = YES;
				CLANG_WARN_STRICT_PROTOTYPES = YES;
				CLANG_WARN_SUSPICIOUS_MOVE = YES;
				CLANG_WARN_UNGUARDED_AVAILABILITY = YES_AGGRESSIVE;
				CLANG_WARN_UNREACHABLE_CODE = YES;
				CLANG_WARN__DUPLICATE_METHOD_MATCH = YES;
				COPY_PHASE_STRIP = NO;
				CURRENT_PROJECT_VERSION = 1;
				DEBUG_INFORMATION_FORMAT = dwarf;
				ENABLE_STRICT_OBJC_MSGSEND = YES;
				ENABLE_TESTABILITY = YES;
				GCC_C_LANGUAGE_STANDARD = gnu11;
				GCC_DYNAMIC_NO_PIC = NO;
				GCC_NO_COMMON_BLOCKS = YES;
				GCC_OPTIMIZATION_LEVEL = 0;
				GCC_PREPROCESSOR_DEFINITIONS = (
					"DEBUG=1",
					"$(inherited)",
				);
				GCC_WARN_64_TO_32_BIT_CONVERSION = YES;
				GCC_WARN_ABOUT_RETURN_TYPE = YES_ERROR;
				GCC_WARN_UNDECLARED_SELECTOR = YES;
				GCC_WARN_UNINITIALIZED_AUTOS = YES_AGGRESSIVE;
				GCC_WARN_UNUSED_FUNCTION = YES;
				GCC_WARN_UNUSED_VARIABLE = YES;
				IPHONEOS_DEPLOYMENT_TARGET = 11.0;
				MTL_ENABLE_DEBUG_INFO = INCLUDE_SOURCE;
				MTL_FAST_MATH = YES;
				ONLY_ACTIVE_ARCH = YES;
				SDKROOT = iphoneos;
				SWIFT_ACTIVE_COMPILATION_CONDITIONS = DEBUG;
				SWIFT_OPTIMIZATION_LEVEL = "-Onone";
				VERSIONING_SYSTEM = "apple-generic";
				VERSION_INFO_PREFIX = "";
			};
			name = Debug;
		};
		FAA257B82660D839002F9A1E /* Release */ = {
			isa = XCBuildConfiguration;
			buildSettings = {
				ALWAYS_SEARCH_USER_PATHS = NO;
				CLANG_ANALYZER_NONNULL = YES;
				CLANG_ANALYZER_NUMBER_OBJECT_CONVERSION = YES_AGGRESSIVE;
				CLANG_CXX_LANGUAGE_STANDARD = "gnu++14";
				CLANG_CXX_LIBRARY = "libc++";
				CLANG_ENABLE_MODULES = YES;
				CLANG_ENABLE_OBJC_ARC = YES;
				CLANG_ENABLE_OBJC_WEAK = YES;
				CLANG_WARN_BLOCK_CAPTURE_AUTORELEASING = YES;
				CLANG_WARN_BOOL_CONVERSION = YES;
				CLANG_WARN_COMMA = YES;
				CLANG_WARN_CONSTANT_CONVERSION = YES;
				CLANG_WARN_DEPRECATED_OBJC_IMPLEMENTATIONS = YES;
				CLANG_WARN_DIRECT_OBJC_ISA_USAGE = YES_ERROR;
				CLANG_WARN_DOCUMENTATION_COMMENTS = YES;
				CLANG_WARN_EMPTY_BODY = YES;
				CLANG_WARN_ENUM_CONVERSION = YES;
				CLANG_WARN_INFINITE_RECURSION = YES;
				CLANG_WARN_INT_CONVERSION = YES;
				CLANG_WARN_NON_LITERAL_NULL_CONVERSION = YES;
				CLANG_WARN_OBJC_IMPLICIT_RETAIN_SELF = YES;
				CLANG_WARN_OBJC_LITERAL_CONVERSION = YES;
				CLANG_WARN_OBJC_ROOT_CLASS = YES_ERROR;
				CLANG_WARN_QUOTED_INCLUDE_IN_FRAMEWORK_HEADER = YES;
				CLANG_WARN_RANGE_LOOP_ANALYSIS = YES;
				CLANG_WARN_STRICT_PROTOTYPES = YES;
				CLANG_WARN_SUSPICIOUS_MOVE = YES;
				CLANG_WARN_UNGUARDED_AVAILABILITY = YES_AGGRESSIVE;
				CLANG_WARN_UNREACHABLE_CODE = YES;
				CLANG_WARN__DUPLICATE_METHOD_MATCH = YES;
				COPY_PHASE_STRIP = NO;
				CURRENT_PROJECT_VERSION = 1;
				DEBUG_INFORMATION_FORMAT = "dwarf-with-dsym";
				ENABLE_NS_ASSERTIONS = NO;
				ENABLE_STRICT_OBJC_MSGSEND = YES;
				GCC_C_LANGUAGE_STANDARD = gnu11;
				GCC_NO_COMMON_BLOCKS = YES;
				GCC_WARN_64_TO_32_BIT_CONVERSION = YES;
				GCC_WARN_ABOUT_RETURN_TYPE = YES_ERROR;
				GCC_WARN_UNDECLARED_SELECTOR = YES;
				GCC_WARN_UNINITIALIZED_AUTOS = YES_AGGRESSIVE;
				GCC_WARN_UNUSED_FUNCTION = YES;
				GCC_WARN_UNUSED_VARIABLE = YES;
				IPHONEOS_DEPLOYMENT_TARGET = 11.0;
				MTL_ENABLE_DEBUG_INFO = NO;
				MTL_FAST_MATH = YES;
				SDKROOT = iphoneos;
				SWIFT_COMPILATION_MODE = wholemodule;
				SWIFT_OPTIMIZATION_LEVEL = "-O";
				VALIDATE_PRODUCT = YES;
				VERSIONING_SYSTEM = "apple-generic";
				VERSION_INFO_PREFIX = "";
			};
			name = Release;
		};
		FAA257BA2660D839002F9A1E /* Debug */ = {
			isa = XCBuildConfiguration;
			baseConfigurationReference = 5D5A37993E28824B274069CE /* Pods-TopUp.debug.xcconfig */;
			buildSettings = {
				CLANG_ENABLE_MODULES = YES;
				CODE_SIGN_STYLE = Automatic;
				DEFINES_MODULE = YES;
				DEVELOPMENT_TEAM = M8XS2W68DL;
				DYLIB_COMPATIBILITY_VERSION = 1;
				DYLIB_CURRENT_VERSION = 1;
				DYLIB_INSTALL_NAME_BASE = "@rpath";
				INFOPLIST_FILE = TopUp/Info.plist;
				INSTALL_PATH = "$(LOCAL_LIBRARY_DIR)/Frameworks";
				IPHONEOS_DEPLOYMENT_TARGET = 11.0;
				"IPHONEOS_DEPLOYMENT_TARGET[sdk=macosx*]" = 13.1;
				LD_RUNPATH_SEARCH_PATHS = (
					"$(inherited)",
					"@executable_path/Frameworks",
					"@loader_path/Frameworks",
				);
				PRODUCT_BUNDLE_IDENTIFIER = com.casestudy.TopUp;
				PRODUCT_NAME = "$(TARGET_NAME:c99extidentifier)";
				SKIP_INSTALL = YES;
				SUPPORTS_MACCATALYST = NO;
				SWIFT_OPTIMIZATION_LEVEL = "-Onone";
				SWIFT_VERSION = 5.0;
				TARGETED_DEVICE_FAMILY = "1,2";
			};
			name = Debug;
		};
		FAA257BB2660D839002F9A1E /* Release */ = {
			isa = XCBuildConfiguration;
			baseConfigurationReference = BC6274D9832A0EA7EBDABC76 /* Pods-TopUp.release.xcconfig */;
			buildSettings = {
				CLANG_ENABLE_MODULES = YES;
				CODE_SIGN_STYLE = Automatic;
				DEFINES_MODULE = YES;
				DEVELOPMENT_TEAM = M8XS2W68DL;
				DYLIB_COMPATIBILITY_VERSION = 1;
				DYLIB_CURRENT_VERSION = 1;
				DYLIB_INSTALL_NAME_BASE = "@rpath";
				INFOPLIST_FILE = TopUp/Info.plist;
				INSTALL_PATH = "$(LOCAL_LIBRARY_DIR)/Frameworks";
				IPHONEOS_DEPLOYMENT_TARGET = 11.0;
				"IPHONEOS_DEPLOYMENT_TARGET[sdk=macosx*]" = 13.1;
				LD_RUNPATH_SEARCH_PATHS = (
					"$(inherited)",
					"@executable_path/Frameworks",
					"@loader_path/Frameworks",
				);
				PRODUCT_BUNDLE_IDENTIFIER = com.casestudy.TopUp;
				PRODUCT_NAME = "$(TARGET_NAME:c99extidentifier)";
				SKIP_INSTALL = YES;
				SUPPORTS_MACCATALYST = NO;
				SWIFT_VERSION = 5.0;
				TARGETED_DEVICE_FAMILY = "1,2";
			};
			name = Release;
		};
/* End XCBuildConfiguration section */

/* Begin XCConfigurationList section */
		FAA257AB2660D838002F9A1E /* Build configuration list for PBXProject "TopUp" */ = {
			isa = XCConfigurationList;
			buildConfigurations = (
				FAA257B72660D839002F9A1E /* Debug */,
				FAA257B82660D839002F9A1E /* Release */,
			);
			defaultConfigurationIsVisible = 0;
			defaultConfigurationName = Release;
		};
		FAA257B92660D839002F9A1E /* Build configuration list for PBXNativeTarget "TopUp" */ = {
			isa = XCConfigurationList;
			buildConfigurations = (
				FAA257BA2660D839002F9A1E /* Debug */,
				FAA257BB2660D839002F9A1E /* Release */,
			);
			defaultConfigurationIsVisible = 0;
			defaultConfigurationName = Release;
		};
/* End XCConfigurationList section */
	};
	rootObject = FAA257A82660D838002F9A1E /* Project object */;
}
