// !$*UTF8*$!
{
	archiveVersion = 1;
	classes = {
	};
	objectVersion = 50;
	objects = {

/* Begin PBXBuildFile section */
		6DB5594E48BA0807A1338C84 /* Pods_Transaction.framework in Frameworks */ = {isa = PBXBuildFile; fileRef = AF12AA7D54225CF35EA9359D /* Pods_Transaction.framework */; };
		FA1CBD2B26648D52004F6C05 /* .swiftlint.yml in Resources */ = {isa = PBXBuildFile; fileRef = FA1CBD2A26648D52004F6C05 /* .swiftlint.yml */; };
		FA73C4AF265CDA53004AFAF4 /* Transaction.h in Headers */ = {isa = PBXBuildFile; fileRef = FA73C4AD265CDA53004AFAF4 /* Transaction.h */; settings = {ATTRIBUTES = (Public, ); }; };
		FAA2562D265F1A92002F9A1E /* TransactionView.swift in Sources */ = {isa = PBXBuildFile; fileRef = FAA2562C265F1A92002F9A1E /* TransactionView.swift */; };
		FAA25631265F1A9D002F9A1E /* TransactionViewController.swift in Sources */ = {isa = PBXBuildFile; fileRef = FAA2562F265F1A9D002F9A1E /* TransactionViewController.swift */; };
		FAA25632265F1A9D002F9A1E /* TransactionViewController.xib in Resources */ = {isa = PBXBuildFile; fileRef = FAA25630265F1A9D002F9A1E /* TransactionViewController.xib */; };
		FAA25637265F1ADD002F9A1E /* TransactionRouter.swift in Sources */ = {isa = PBXBuildFile; fileRef = FAA25636265F1ADD002F9A1E /* TransactionRouter.swift */; };
		FAA2563A265F1AE4002F9A1E /* TransactionRouterImpl.swift in Sources */ = {isa = PBXBuildFile; fileRef = FAA25639265F1AE4002F9A1E /* TransactionRouterImpl.swift */; };
		FAA2563D265F1B2B002F9A1E /* Core.framework in Frameworks */ = {isa = PBXBuildFile; fileRef = FAA2563C265F1B2B002F9A1E /* Core.framework */; };
		FAA2563E265F1B2B002F9A1E /* Core.framework in Embed Frameworks */ = {isa = PBXBuildFile; fileRef = FAA2563C265F1B2B002F9A1E /* Core.framework */; settings = {ATTRIBUTES = (CodeSignOnCopy, RemoveHeadersOnCopy, ); }; };
		FAA2564F265F2080002F9A1E /* TransactionInteractor.swift in Sources */ = {isa = PBXBuildFile; fileRef = FAA2564E265F2080002F9A1E /* TransactionInteractor.swift */; };
		FAA25651265F20D1002F9A1E /* TransactionInteractorOutput.swift in Sources */ = {isa = PBXBuildFile; fileRef = FAA25650265F20D1002F9A1E /* TransactionInteractorOutput.swift */; };
		FAA25653265F20F6002F9A1E /* TransactionInteractorImpl.swift in Sources */ = {isa = PBXBuildFile; fileRef = FAA25652265F20F6002F9A1E /* TransactionInteractorImpl.swift */; };
		FAA25656265F2180002F9A1E /* TransactionPresenter.swift in Sources */ = {isa = PBXBuildFile; fileRef = FAA25655265F2180002F9A1E /* TransactionPresenter.swift */; };
		FAA25658265F2187002F9A1E /* TransactionPresenterImpl.swift in Sources */ = {isa = PBXBuildFile; fileRef = FAA25657265F2187002F9A1E /* TransactionPresenterImpl.swift */; };
/* End PBXBuildFile section */

/* Begin PBXCopyFilesBuildPhase section */
		FAA2563F265F1B2B002F9A1E /* Embed Frameworks */ = {
			isa = PBXCopyFilesBuildPhase;
			buildActionMask = 2147483647;
			dstPath = "";
			dstSubfolderSpec = 10;
			files = (
				FAA2563E265F1B2B002F9A1E /* Core.framework in Embed Frameworks */,
			);
			name = "Embed Frameworks";
			runOnlyForDeploymentPostprocessing = 0;
		};
/* End PBXCopyFilesBuildPhase section */

/* Begin PBXFileReference section */
		3FAA27CA7B504E2D939D60E0 /* Pods-Transaction.release.xcconfig */ = {isa = PBXFileReference; includeInIndex = 1; lastKnownFileType = text.xcconfig; name = "Pods-Transaction.release.xcconfig"; path = "Target Support Files/Pods-Transaction/Pods-Transaction.release.xcconfig"; sourceTree = "<group>"; };
		AF12AA7D54225CF35EA9359D /* Pods_Transaction.framework */ = {isa = PBXFileReference; explicitFileType = wrapper.framework; includeInIndex = 0; path = Pods_Transaction.framework; sourceTree = BUILT_PRODUCTS_DIR; };
		F1BA05F6630F3A781104E12C /* Pods-Transaction.debug.xcconfig */ = {isa = PBXFileReference; includeInIndex = 1; lastKnownFileType = text.xcconfig; name = "Pods-Transaction.debug.xcconfig"; path = "Target Support Files/Pods-Transaction/Pods-Transaction.debug.xcconfig"; sourceTree = "<group>"; };
		FA1CBD2A26648D52004F6C05 /* .swiftlint.yml */ = {isa = PBXFileReference; lastKnownFileType = text.yaml; path = .swiftlint.yml; sourceTree = "<group>"; };
		FA73C4AA265CDA53004AFAF4 /* Transaction.framework */ = {isa = PBXFileReference; explicitFileType = wrapper.framework; includeInIndex = 0; path = Transaction.framework; sourceTree = BUILT_PRODUCTS_DIR; };
		FA73C4AD265CDA53004AFAF4 /* Transaction.h */ = {isa = PBXFileReference; lastKnownFileType = sourcecode.c.h; path = Transaction.h; sourceTree = "<group>"; };
		FA73C4AE265CDA53004AFAF4 /* Info.plist */ = {isa = PBXFileReference; lastKnownFileType = text.plist.xml; path = Info.plist; sourceTree = "<group>"; };
		FAA2562C265F1A92002F9A1E /* TransactionView.swift */ = {isa = PBXFileReference; lastKnownFileType = sourcecode.swift; path = TransactionView.swift; sourceTree = "<group>"; };
		FAA2562F265F1A9D002F9A1E /* TransactionViewController.swift */ = {isa = PBXFileReference; lastKnownFileType = sourcecode.swift; path = TransactionViewController.swift; sourceTree = "<group>"; };
		FAA25630265F1A9D002F9A1E /* TransactionViewController.xib */ = {isa = PBXFileReference; lastKnownFileType = file.xib; path = TransactionViewController.xib; sourceTree = "<group>"; };
		FAA25636265F1ADD002F9A1E /* TransactionRouter.swift */ = {isa = PBXFileReference; lastKnownFileType = sourcecode.swift; path = TransactionRouter.swift; sourceTree = "<group>"; };
		FAA25639265F1AE4002F9A1E /* TransactionRouterImpl.swift */ = {isa = PBXFileReference; lastKnownFileType = sourcecode.swift; path = TransactionRouterImpl.swift; sourceTree = "<group>"; };
		FAA2563C265F1B2B002F9A1E /* Core.framework */ = {isa = PBXFileReference; explicitFileType = wrapper.framework; path = Core.framework; sourceTree = BUILT_PRODUCTS_DIR; };
		FAA2564E265F2080002F9A1E /* TransactionInteractor.swift */ = {isa = PBXFileReference; lastKnownFileType = sourcecode.swift; path = TransactionInteractor.swift; sourceTree = "<group>"; };
		FAA25650265F20D1002F9A1E /* TransactionInteractorOutput.swift */ = {isa = PBXFileReference; lastKnownFileType = sourcecode.swift; path = TransactionInteractorOutput.swift; sourceTree = "<group>"; };
		FAA25652265F20F6002F9A1E /* TransactionInteractorImpl.swift */ = {isa = PBXFileReference; lastKnownFileType = sourcecode.swift; path = TransactionInteractorImpl.swift; sourceTree = "<group>"; };
		FAA25655265F2180002F9A1E /* TransactionPresenter.swift */ = {isa = PBXFileReference; lastKnownFileType = sourcecode.swift; path = TransactionPresenter.swift; sourceTree = "<group>"; };
		FAA25657265F2187002F9A1E /* TransactionPresenterImpl.swift */ = {isa = PBXFileReference; lastKnownFileType = sourcecode.swift; path = TransactionPresenterImpl.swift; sourceTree = "<group>"; };
/* End PBXFileReference section */

/* Begin PBXFrameworksBuildPhase section */
		FA73C4A7265CDA53004AFAF4 /* Frameworks */ = {
			isa = PBXFrameworksBuildPhase;
			buildActionMask = 2147483647;
			files = (
				6DB5594E48BA0807A1338C84 /* Pods_Transaction.framework in Frameworks */,
				FAA2563D265F1B2B002F9A1E /* Core.framework in Frameworks */,
			);
			runOnlyForDeploymentPostprocessing = 0;
		};
/* End PBXFrameworksBuildPhase section */

/* Begin PBXGroup section */
		A384440830F73E062E88A1D6 /* Pods */ = {
			isa = PBXGroup;
			children = (
				F1BA05F6630F3A781104E12C /* Pods-Transaction.debug.xcconfig */,
				3FAA27CA7B504E2D939D60E0 /* Pods-Transaction.release.xcconfig */,
			);
			name = Pods;
			path = ../../App/Pods;
			sourceTree = "<group>";
		};
		A38AEC6D9C7B7701B76BD806 /* Frameworks */ = {
			isa = PBXGroup;
			children = (
				FAA2563C265F1B2B002F9A1E /* Core.framework */,
				AF12AA7D54225CF35EA9359D /* Pods_Transaction.framework */,
			);
			name = Frameworks;
			sourceTree = "<group>";
		};
		FA73C4A0265CDA53004AFAF4 = {
			isa = PBXGroup;
			children = (
				FA1CBD2A26648D52004F6C05 /* .swiftlint.yml */,
				FA73C4AC265CDA53004AFAF4 /* Transaction */,
				FA73C4AB265CDA53004AFAF4 /* Products */,
				A384440830F73E062E88A1D6 /* Pods */,
				A38AEC6D9C7B7701B76BD806 /* Frameworks */,
			);
			sourceTree = "<group>";
		};
		FA73C4AB265CDA53004AFAF4 /* Products */ = {
			isa = PBXGroup;
			children = (
				FA73C4AA265CDA53004AFAF4 /* Transaction.framework */,
			);
			name = Products;
			sourceTree = "<group>";
		};
		FA73C4AC265CDA53004AFAF4 /* Transaction */ = {
			isa = PBXGroup;
			children = (
				FAA25654265F2176002F9A1E /* Presenter */,
				FAA25635265F1ACF002F9A1E /* Router */,
				FAA25634265F1AC9002F9A1E /* Interactor */,
				FAA2562B265F1A7F002F9A1E /* View */,
				FA73C4AD265CDA53004AFAF4 /* Transaction.h */,
				FA73C4AE265CDA53004AFAF4 /* Info.plist */,
			);
			path = Transaction;
			sourceTree = "<group>";
		};
		FAA2562B265F1A7F002F9A1E /* View */ = {
			isa = PBXGroup;
			children = (
				FAA2562C265F1A92002F9A1E /* TransactionView.swift */,
				FAA2562F265F1A9D002F9A1E /* TransactionViewController.swift */,
				FAA25630265F1A9D002F9A1E /* TransactionViewController.xib */,
			);
			path = View;
			sourceTree = "<group>";
		};
		FAA25634265F1AC9002F9A1E /* Interactor */ = {
			isa = PBXGroup;
			children = (
				FAA2564E265F2080002F9A1E /* TransactionInteractor.swift */,
				FAA25650265F20D1002F9A1E /* TransactionInteractorOutput.swift */,
				FAA25652265F20F6002F9A1E /* TransactionInteractorImpl.swift */,
			);
			path = Interactor;
			sourceTree = "<group>";
		};
		FAA25635265F1ACF002F9A1E /* Router */ = {
			isa = PBXGroup;
			children = (
				FAA25636265F1ADD002F9A1E /* TransactionRouter.swift */,
				FAA25639265F1AE4002F9A1E /* TransactionRouterImpl.swift */,
			);
			path = Router;
			sourceTree = "<group>";
		};
		FAA25654265F2176002F9A1E /* Presenter */ = {
			isa = PBXGroup;
			children = (
				FAA25655265F2180002F9A1E /* TransactionPresenter.swift */,
				FAA25657265F2187002F9A1E /* TransactionPresenterImpl.swift */,
			);
			path = Presenter;
			sourceTree = "<group>";
		};
/* End PBXGroup section */

/* Begin PBXHeadersBuildPhase section */
		FA73C4A5265CDA53004AFAF4 /* Headers */ = {
			isa = PBXHeadersBuildPhase;
			buildActionMask = 2147483647;
			files = (
				FA73C4AF265CDA53004AFAF4 /* Transaction.h in Headers */,
			);
			runOnlyForDeploymentPostprocessing = 0;
		};
/* End PBXHeadersBuildPhase section */

/* Begin PBXNativeTarget section */
		FA73C4A9265CDA53004AFAF4 /* Transaction */ = {
			isa = PBXNativeTarget;
			buildConfigurationList = FA73C4B2265CDA53004AFAF4 /* Build configuration list for PBXNativeTarget "Transaction" */;
			buildPhases = (
				FCFA45E3EBE22C18D32BFE11 /* [CP] Check Pods Manifest.lock */,
				FA73C4A5265CDA53004AFAF4 /* Headers */,
				FA73C4A6265CDA53004AFAF4 /* Sources */,
				FA73C4A7265CDA53004AFAF4 /* Frameworks */,
				FA73C4A8265CDA53004AFAF4 /* Resources */,
				FAA2563F265F1B2B002F9A1E /* Embed Frameworks */,
				FA1CBD2C26648D6A004F6C05 /* ShellScript */,
			);
			buildRules = (
			);
			dependencies = (
			);
			name = Transaction;
			productName = Transaction;
			productReference = FA73C4AA265CDA53004AFAF4 /* Transaction.framework */;
			productType = "com.apple.product-type.framework";
		};
/* End PBXNativeTarget section */

/* Begin PBXProject section */
		FA73C4A1265CDA53004AFAF4 /* Project object */ = {
			isa = PBXProject;
			attributes = {
				LastUpgradeCheck = 1240;
				TargetAttributes = {
					FA73C4A9265CDA53004AFAF4 = {
						CreatedOnToolsVersion = 12.4;
						LastSwiftMigration = 1240;
					};
				};
			};
			buildConfigurationList = FA73C4A4265CDA53004AFAF4 /* Build configuration list for PBXProject "Transaction" */;
			compatibilityVersion = "Xcode 9.3";
			developmentRegion = en;
			hasScannedForEncodings = 0;
			knownRegions = (
				en,
				Base,
			);
			mainGroup = FA73C4A0265CDA53004AFAF4;
			productRefGroup = FA73C4AB265CDA53004AFAF4 /* Products */;
			projectDirPath = "";
			projectRoot = "";
			targets = (
				FA73C4A9265CDA53004AFAF4 /* Transaction */,
			);
		};
/* End PBXProject section */

/* Begin PBXResourcesBuildPhase section */
		FA73C4A8265CDA53004AFAF4 /* Resources */ = {
			isa = PBXResourcesBuildPhase;
			buildActionMask = 2147483647;
			files = (
				FA1CBD2B26648D52004F6C05 /* .swiftlint.yml in Resources */,
				FAA25632265F1A9D002F9A1E /* TransactionViewController.xib in Resources */,
			);
			runOnlyForDeploymentPostprocessing = 0;
		};
/* End PBXResourcesBuildPhase section */

/* Begin PBXShellScriptBuildPhase section */
		FA1CBD2C26648D6A004F6C05 /* ShellScript */ = {
			isa = PBXShellScriptBuildPhase;
			buildActionMask = 2147483647;
			files = (
			);
			inputFileListPaths = (
			);
			inputPaths = (
			);
			outputFileListPaths = (
			);
			outputPaths = (
			);
			runOnlyForDeploymentPostprocessing = 0;
			shellPath = /bin/sh;
			shellScript = "if which swiftlint >/dev/null; then\n  swiftlint\nelse\n  echo \"warning: SwiftLint not installed, download from https://github.com/realm/SwiftLint\"\nfi\n";
		};
		FCFA45E3EBE22C18D32BFE11 /* [CP] Check Pods Manifest.lock */ = {
			isa = PBXShellScriptBuildPhase;
			buildActionMask = 2147483647;
			files = (
			);
			inputFileListPaths = (
			);
			inputPaths = (
				"${PODS_PODFILE_DIR_PATH}/Podfile.lock",
				"${PODS_ROOT}/Manifest.lock",
			);
			name = "[CP] Check Pods Manifest.lock";
			outputFileListPaths = (
			);
			outputPaths = (
				"$(DERIVED_FILE_DIR)/Pods-Transaction-checkManifestLockResult.txt",
			);
			runOnlyForDeploymentPostprocessing = 0;
			shellPath = /bin/sh;
			shellScript = "diff \"${PODS_PODFILE_DIR_PATH}/Podfile.lock\" \"${PODS_ROOT}/Manifest.lock\" > /dev/null\nif [ $? != 0 ] ; then\n    # print error to STDERR\n    echo \"error: The sandbox is not in sync with the Podfile.lock. Run 'pod install' or update your CocoaPods installation.\" >&2\n    exit 1\nfi\n# This output is used by Xcode 'outputs' to avoid re-running this script phase.\necho \"SUCCESS\" > \"${SCRIPT_OUTPUT_FILE_0}\"\n";
			showEnvVarsInLog = 0;
		};
/* End PBXShellScriptBuildPhase section */

/* Begin PBXSourcesBuildPhase section */
		FA73C4A6265CDA53004AFAF4 /* Sources */ = {
			isa = PBXSourcesBuildPhase;
			buildActionMask = 2147483647;
			files = (
				FAA2562D265F1A92002F9A1E /* TransactionView.swift in Sources */,
				FAA2564F265F2080002F9A1E /* TransactionInteractor.swift in Sources */,
				FAA25651265F20D1002F9A1E /* TransactionInteractorOutput.swift in Sources */,
				FAA25656265F2180002F9A1E /* TransactionPresenter.swift in Sources */,
				FAA25637265F1ADD002F9A1E /* TransactionRouter.swift in Sources */,
				FAA25658265F2187002F9A1E /* TransactionPresenterImpl.swift in Sources */,
				FAA25631265F1A9D002F9A1E /* TransactionViewController.swift in Sources */,
				FAA25653265F20F6002F9A1E /* TransactionInteractorImpl.swift in Sources */,
				FAA2563A265F1AE4002F9A1E /* TransactionRouterImpl.swift in Sources */,
			);
			runOnlyForDeploymentPostprocessing = 0;
		};
/* End PBXSourcesBuildPhase section */

/* Begin XCBuildConfiguration section */
		FA73C4B0265CDA53004AFAF4 /* Debug */ = {
			isa = XCBuildConfiguration;
			buildSettings = {
				ALWAYS_SEARCH_USER_PATHS = NO;
				CLANG_ANALYZER_NONNULL = YES;
				CLANG_ANALYZER_NUMBER_OBJECT_CONVERSION = YES_AGGRESSIVE;
				CLANG_CXX_LANGUAGE_STANDARD = "gnu++14";
				CLANG_CXX_LIBRARY = "libc++";
				CLANG_ENABLE_MODULES = YES;
				CLANG_ENABLE_OBJC_ARC = YES;
				CLANG_ENABLE_OBJC_WEAK = YES;
				CLANG_WARN_BLOCK_CAPTURE_AUTORELEASING = YES;
				CLANG_WARN_BOOL_CONVERSION = YES;
				CLANG_WARN_COMMA = YES;
				CLANG_WARN_CONSTANT_CONVERSION = YES;
				CLANG_WARN_DEPRECATED_OBJC_IMPLEMENTATIONS = YES;
				CLANG_WARN_DIRECT_OBJC_ISA_USAGE = YES_ERROR;
				CLANG_WARN_DOCUMENTATION_COMMENTS = YES;
				CLANG_WARN_EMPTY_BODY = YES;
				CLANG_WARN_ENUM_CONVERSION = YES;
				CLANG_WARN_INFINITE_RECURSION = YES;
				CLANG_WARN_INT_CONVERSION = YES;
				CLANG_WARN_NON_LITERAL_NULL_CONVERSION = YES;
				CLANG_WARN_OBJC_IMPLICIT_RETAIN_SELF = YES;
				CLANG_WARN_OBJC_LITERAL_CONVERSION = YES;
				CLANG_WARN_OBJC_ROOT_CLASS = YES_ERROR;
				CLANG_WARN_QUOTED_INCLUDE_IN_FRAMEWORK_HEADER = YES;
				CLANG_WARN_RANGE_LOOP_ANALYSIS = YES;
				CLANG_WARN_STRICT_PROTOTYPES = YES;
				CLANG_WARN_SUSPICIOUS_MOVE = YES;
				CLANG_WARN_UNGUARDED_AVAILABILITY = YES_AGGRESSIVE;
				CLANG_WARN_UNREACHABLE_CODE = YES;
				CLANG_WARN__DUPLICATE_METHOD_MATCH = YES;
				COPY_PHASE_STRIP = NO;
				CURRENT_PROJECT_VERSION = 1;
				DEBUG_INFORMATION_FORMAT = dwarf;
				ENABLE_STRICT_OBJC_MSGSEND = YES;
				ENABLE_TESTABILITY = YES;
				GCC_C_LANGUAGE_STANDARD = gnu11;
				GCC_DYNAMIC_NO_PIC = NO;
				GCC_NO_COMMON_BLOCKS = YES;
				GCC_OPTIMIZATION_LEVEL = 0;
				GCC_PREPROCESSOR_DEFINITIONS = (
					"DEBUG=1",
					"$(inherited)",
				);
				GCC_WARN_64_TO_32_BIT_CONVERSION = YES;
				GCC_WARN_ABOUT_RETURN_TYPE = YES_ERROR;
				GCC_WARN_UNDECLARED_SELECTOR = YES;
				GCC_WARN_UNINITIALIZED_AUTOS = YES_AGGRESSIVE;
				GCC_WARN_UNUSED_FUNCTION = YES;
				GCC_WARN_UNUSED_VARIABLE = YES;
				IPHONEOS_DEPLOYMENT_TARGET = 11.0;
				MTL_ENABLE_DEBUG_INFO = INCLUDE_SOURCE;
				MTL_FAST_MATH = YES;
				ONLY_ACTIVE_ARCH = YES;
				SDKROOT = iphoneos;
				SWIFT_ACTIVE_COMPILATION_CONDITIONS = DEBUG;
				SWIFT_OPTIMIZATION_LEVEL = "-Onone";
				VERSIONING_SYSTEM = "apple-generic";
				VERSION_INFO_PREFIX = "";
			};
			name = Debug;
		};
		FA73C4B1265CDA53004AFAF4 /* Release */ = {
			isa = XCBuildConfiguration;
			buildSettings = {
				ALWAYS_SEARCH_USER_PATHS = NO;
				CLANG_ANALYZER_NONNULL = YES;
				CLANG_ANALYZER_NUMBER_OBJECT_CONVERSION = YES_AGGRESSIVE;
				CLANG_CXX_LANGUAGE_STANDARD = "gnu++14";
				CLANG_CXX_LIBRARY = "libc++";
				CLANG_ENABLE_MODULES = YES;
				CLANG_ENABLE_OBJC_ARC = YES;
				CLANG_ENABLE_OBJC_WEAK = YES;
				CLANG_WARN_BLOCK_CAPTURE_AUTORELEASING = YES;
				CLANG_WARN_BOOL_CONVERSION = YES;
				CLANG_WARN_COMMA = YES;
				CLANG_WARN_CONSTANT_CONVERSION = YES;
				CLANG_WARN_DEPRECATED_OBJC_IMPLEMENTATIONS = YES;
				CLANG_WARN_DIRECT_OBJC_ISA_USAGE = YES_ERROR;
				CLANG_WARN_DOCUMENTATION_COMMENTS = YES;
				CLANG_WARN_EMPTY_BODY = YES;
				CLANG_WARN_ENUM_CONVERSION = YES;
				CLANG_WARN_INFINITE_RECURSION = YES;
				CLANG_WARN_INT_CONVERSION = YES;
				CLANG_WARN_NON_LITERAL_NULL_CONVERSION = YES;
				CLANG_WARN_OBJC_IMPLICIT_RETAIN_SELF = YES;
				CLANG_WARN_OBJC_LITERAL_CONVERSION = YES;
				CLANG_WARN_OBJC_ROOT_CLASS = YES_ERROR;
				CLANG_WARN_QUOTED_INCLUDE_IN_FRAMEWORK_HEADER = YES;
				CLANG_WARN_RANGE_LOOP_ANALYSIS = YES;
				CLANG_WARN_STRICT_PROTOTYPES = YES;
				CLANG_WARN_SUSPICIOUS_MOVE = YES;
				CLANG_WARN_UNGUARDED_AVAILABILITY = YES_AGGRESSIVE;
				CLANG_WARN_UNREACHABLE_CODE = YES;
				CLANG_WARN__DUPLICATE_METHOD_MATCH = YES;
				COPY_PHASE_STRIP = NO;
				CURRENT_PROJECT_VERSION = 1;
				DEBUG_INFORMATION_FORMAT = "dwarf-with-dsym";
				ENABLE_NS_ASSERTIONS = NO;
				ENABLE_STRICT_OBJC_MSGSEND = YES;
				GCC_C_LANGUAGE_STANDARD = gnu11;
				GCC_NO_COMMON_BLOCKS = YES;
				GCC_WARN_64_TO_32_BIT_CONVERSION = YES;
				GCC_WARN_ABOUT_RETURN_TYPE = YES_ERROR;
				GCC_WARN_UNDECLARED_SELECTOR = YES;
				GCC_WARN_UNINITIALIZED_AUTOS = YES_AGGRESSIVE;
				GCC_WARN_UNUSED_FUNCTION = YES;
				GCC_WARN_UNUSED_VARIABLE = YES;
				IPHONEOS_DEPLOYMENT_TARGET = 11.0;
				MTL_ENABLE_DEBUG_INFO = NO;
				MTL_FAST_MATH = YES;
				SDKROOT = iphoneos;
				SWIFT_COMPILATION_MODE = wholemodule;
				SWIFT_OPTIMIZATION_LEVEL = "-O";
				VALIDATE_PRODUCT = YES;
				VERSIONING_SYSTEM = "apple-generic";
				VERSION_INFO_PREFIX = "";
			};
			name = Release;
		};
		FA73C4B3265CDA53004AFAF4 /* Debug */ = {
			isa = XCBuildConfiguration;
			baseConfigurationReference = F1BA05F6630F3A781104E12C /* Pods-Transaction.debug.xcconfig */;
			buildSettings = {
				CLANG_ENABLE_MODULES = YES;
				CODE_SIGN_STYLE = Automatic;
				DEFINES_MODULE = YES;
				DEVELOPMENT_TEAM = M8XS2W68DL;
				DYLIB_COMPATIBILITY_VERSION = 1;
				DYLIB_CURRENT_VERSION = 1;
				DYLIB_INSTALL_NAME_BASE = "@rpath";
				INFOPLIST_FILE = Transaction/Info.plist;
				INSTALL_PATH = "$(LOCAL_LIBRARY_DIR)/Frameworks";
				IPHONEOS_DEPLOYMENT_TARGET = 11.0;
				LD_RUNPATH_SEARCH_PATHS = (
					"$(inherited)",
					"@executable_path/Frameworks",
					"@loader_path/Frameworks",
				);
				PRODUCT_BUNDLE_IDENTIFIER = com.casestudy.Transaction;
				PRODUCT_NAME = "$(TARGET_NAME:c99extidentifier)";
				SKIP_INSTALL = YES;
				SUPPORTS_MACCATALYST = NO;
				SWIFT_OPTIMIZATION_LEVEL = "-Onone";
				SWIFT_VERSION = 5.0;
				TARGETED_DEVICE_FAMILY = "1,2";
			};
			name = Debug;
		};
		FA73C4B4265CDA53004AFAF4 /* Release */ = {
			isa = XCBuildConfiguration;
			baseConfigurationReference = 3FAA27CA7B504E2D939D60E0 /* Pods-Transaction.release.xcconfig */;
			buildSettings = {
				CLANG_ENABLE_MODULES = YES;
				CODE_SIGN_STYLE = Automatic;
				DEFINES_MODULE = YES;
				DEVELOPMENT_TEAM = M8XS2W68DL;
				DYLIB_COMPATIBILITY_VERSION = 1;
				DYLIB_CURRENT_VERSION = 1;
				DYLIB_INSTALL_NAME_BASE = "@rpath";
				INFOPLIST_FILE = Transaction/Info.plist;
				INSTALL_PATH = "$(LOCAL_LIBRARY_DIR)/Frameworks";
				IPHONEOS_DEPLOYMENT_TARGET = 11.0;
				LD_RUNPATH_SEARCH_PATHS = (
					"$(inherited)",
					"@executable_path/Frameworks",
					"@loader_path/Frameworks",
				);
				PRODUCT_BUNDLE_IDENTIFIER = com.casestudy.Transaction;
				PRODUCT_NAME = "$(TARGET_NAME:c99extidentifier)";
				SKIP_INSTALL = YES;
				SUPPORTS_MACCATALYST = NO;
				SWIFT_VERSION = 5.0;
				TARGETED_DEVICE_FAMILY = "1,2";
			};
			name = Release;
		};
/* End XCBuildConfiguration section */

/* Begin XCConfigurationList section */
		FA73C4A4265CDA53004AFAF4 /* Build configuration list for PBXProject "Transaction" */ = {
			isa = XCConfigurationList;
			buildConfigurations = (
				FA73C4B0265CDA53004AFAF4 /* Debug */,
				FA73C4B1265CDA53004AFAF4 /* Release */,
			);
			defaultConfigurationIsVisible = 0;
			defaultConfigurationName = Release;
		};
		FA73C4B2265CDA53004AFAF4 /* Build configuration list for PBXNativeTarget "Transaction" */ = {
			isa = XCConfigurationList;
			buildConfigurations = (
				FA73C4B3265CDA53004AFAF4 /* Debug */,
				FA73C4B4265CDA53004AFAF4 /* Release */,
			);
			defaultConfigurationIsVisible = 0;
			defaultConfigurationName = Release;
		};
/* End XCConfigurationList section */
	};
	rootObject = FA73C4A1265CDA53004AFAF4 /* Project object */;
}
