// !$*UTF8*$!
{
	archiveVersion = 1;
	classes = {
	};
	objectVersion = 50;
	objects = {

/* Begin PBXBuildFile section */
		2AFCEA5D01B617337F4EBE3B /* Pods_TransactionConfirmation.framework in Frameworks */ = {isa = PBXBuildFile; fileRef = 396429B54CB03987DAA9629A /* Pods_TransactionConfirmation.framework */; };
		FA73C4F1265CDB13004AFAF4 /* TransactionConfirmation.h in Headers */ = {isa = PBXBuildFile; fileRef = FA73C4EF265CDB13004AFAF4 /* TransactionConfirmation.h */; settings = {ATTRIBUTES = (Public, ); }; };
		FAA2569A265F7A9B002F9A1E /* TransactionConfirmationView.swift in Sources */ = {isa = PBXBuildFile; fileRef = FAA25699265F7A9B002F9A1E /* TransactionConfirmationView.swift */; };
		FAA256A0265F7AB3002F9A1E /* TransactionConfirmationViewController.swift in Sources */ = {isa = PBXBuildFile; fileRef = FAA2569E265F7AB3002F9A1E /* TransactionConfirmationViewController.swift */; };
		FAA256A1265F7AB3002F9A1E /* TransactionConfirmationViewController.xib in Resources */ = {isa = PBXBuildFile; fileRef = FAA2569F265F7AB3002F9A1E /* TransactionConfirmationViewController.xib */; };
		FAA256A4265F7ABD002F9A1E /* TransactionConfirmationPresenter.swift in Sources */ = {isa = PBXBuildFile; fileRef = FAA256A3265F7ABD002F9A1E /* TransactionConfirmationPresenter.swift */; };
		FAA256A7265F7AC7002F9A1E /* TransactionConfirmationPresenterImpl.swift in Sources */ = {isa = PBXBuildFile; fileRef = FAA256A6265F7AC7002F9A1E /* TransactionConfirmationPresenterImpl.swift */; };
		FAA256B3265F7AE9002F9A1E /* TransactionConfirmationRouter.swift in Sources */ = {isa = PBXBuildFile; fileRef = FAA256B2265F7AE9002F9A1E /* TransactionConfirmationRouter.swift */; };
		FAA256B6265F7AF0002F9A1E /* TransactionConfirmationRouterImpl.swift in Sources */ = {isa = PBXBuildFile; fileRef = FAA256B5265F7AF0002F9A1E /* TransactionConfirmationRouterImpl.swift */; };
		FAA256B9265F7BF2002F9A1E /* Core.framework in Frameworks */ = {isa = PBXBuildFile; fileRef = FAA256B8265F7BF2002F9A1E /* Core.framework */; };
		FAA256BA265F7BF2002F9A1E /* Core.framework in Embed Frameworks */ = {isa = PBXBuildFile; fileRef = FAA256B8265F7BF2002F9A1E /* Core.framework */; settings = {ATTRIBUTES = (CodeSignOnCopy, RemoveHeadersOnCopy, ); }; };
/* End PBXBuildFile section */

/* Begin PBXCopyFilesBuildPhase section */
		FAA256BB265F7BF2002F9A1E /* Embed Frameworks */ = {
			isa = PBXCopyFilesBuildPhase;
			buildActionMask = 2147483647;
			dstPath = "";
			dstSubfolderSpec = 10;
			files = (
				FAA256BA265F7BF2002F9A1E /* Core.framework in Embed Frameworks */,
			);
			name = "Embed Frameworks";
			runOnlyForDeploymentPostprocessing = 0;
		};
/* End PBXCopyFilesBuildPhase section */

/* Begin PBXFileReference section */
		2F8D9083BA06681E194F57B7 /* Pods-TransactionConfirmation.release.xcconfig */ = {isa = PBXFileReference; includeInIndex = 1; lastKnownFileType = text.xcconfig; name = "Pods-TransactionConfirmation.release.xcconfig"; path = "Target Support Files/Pods-TransactionConfirmation/Pods-TransactionConfirmation.release.xcconfig"; sourceTree = "<group>"; };
		396429B54CB03987DAA9629A /* Pods_TransactionConfirmation.framework */ = {isa = PBXFileReference; explicitFileType = wrapper.framework; includeInIndex = 0; path = Pods_TransactionConfirmation.framework; sourceTree = BUILT_PRODUCTS_DIR; };
		82C6A5A436F6E1E835EC8D1F /* Pods-TransactionDetail.debug.xcconfig */ = {isa = PBXFileReference; includeInIndex = 1; lastKnownFileType = text.xcconfig; name = "Pods-TransactionDetail.debug.xcconfig"; path = "Target Support Files/Pods-TransactionDetail/Pods-TransactionDetail.debug.xcconfig"; sourceTree = "<group>"; };
		9BB2AECFF261022C32CEA327 /* Pods-TransactionDetail.release.xcconfig */ = {isa = PBXFileReference; includeInIndex = 1; lastKnownFileType = text.xcconfig; name = "Pods-TransactionDetail.release.xcconfig"; path = "Target Support Files/Pods-TransactionDetail/Pods-TransactionDetail.release.xcconfig"; sourceTree = "<group>"; };
		F74728F8D5FC2B1850D3C1CF /* Pods-TransactionConfirmation.debug.xcconfig */ = {isa = PBXFileReference; includeInIndex = 1; lastKnownFileType = text.xcconfig; name = "Pods-TransactionConfirmation.debug.xcconfig"; path = "Target Support Files/Pods-TransactionConfirmation/Pods-TransactionConfirmation.debug.xcconfig"; sourceTree = "<group>"; };
		FA73C4EC265CDB13004AFAF4 /* TransactionConfirmation.framework */ = {isa = PBXFileReference; explicitFileType = wrapper.framework; includeInIndex = 0; path = TransactionConfirmation.framework; sourceTree = BUILT_PRODUCTS_DIR; };
		FA73C4EF265CDB13004AFAF4 /* TransactionConfirmation.h */ = {isa = PBXFileReference; lastKnownFileType = sourcecode.c.h; path = TransactionConfirmation.h; sourceTree = "<group>"; };
		FA73C4F0265CDB13004AFAF4 /* Info.plist */ = {isa = PBXFileReference; lastKnownFileType = text.plist.xml; path = Info.plist; sourceTree = "<group>"; };
		FAA25699265F7A9B002F9A1E /* TransactionConfirmationView.swift */ = {isa = PBXFileReference; lastKnownFileType = sourcecode.swift; path = TransactionConfirmationView.swift; sourceTree = "<group>"; };
		FAA2569E265F7AB3002F9A1E /* TransactionConfirmationViewController.swift */ = {isa = PBXFileReference; lastKnownFileType = sourcecode.swift; path = TransactionConfirmationViewController.swift; sourceTree = "<group>"; };
		FAA2569F265F7AB3002F9A1E /* TransactionConfirmationViewController.xib */ = {isa = PBXFileReference; lastKnownFileType = file.xib; path = TransactionConfirmationViewController.xib; sourceTree = "<group>"; };
		FAA256A3265F7ABD002F9A1E /* TransactionConfirmationPresenter.swift */ = {isa = PBXFileReference; lastKnownFileType = sourcecode.swift; path = TransactionConfirmationPresenter.swift; sourceTree = "<group>"; };
		FAA256A6265F7AC7002F9A1E /* TransactionConfirmationPresenterImpl.swift */ = {isa = PBXFileReference; lastKnownFileType = sourcecode.swift; path = TransactionConfirmationPresenterImpl.swift; sourceTree = "<group>"; };
		FAA256B2265F7AE9002F9A1E /* TransactionConfirmationRouter.swift */ = {isa = PBXFileReference; lastKnownFileType = sourcecode.swift; path = TransactionConfirmationRouter.swift; sourceTree = "<group>"; };
		FAA256B5265F7AF0002F9A1E /* TransactionConfirmationRouterImpl.swift */ = {isa = PBXFileReference; lastKnownFileType = sourcecode.swift; path = TransactionConfirmationRouterImpl.swift; sourceTree = "<group>"; };
		FAA256B8265F7BF2002F9A1E /* Core.framework */ = {isa = PBXFileReference; explicitFileType = wrapper.framework; path = Core.framework; sourceTree = BUILT_PRODUCTS_DIR; };
/* End PBXFileReference section */

/* Begin PBXFrameworksBuildPhase section */
		FA73C4E9265CDB13004AFAF4 /* Frameworks */ = {
			isa = PBXFrameworksBuildPhase;
			buildActionMask = 2147483647;
			files = (
				FAA256B9265F7BF2002F9A1E /* Core.framework in Frameworks */,
				2AFCEA5D01B617337F4EBE3B /* Pods_TransactionConfirmation.framework in Frameworks */,
			);
			runOnlyForDeploymentPostprocessing = 0;
		};
/* End PBXFrameworksBuildPhase section */

/* Begin PBXGroup section */
		939C891755FF45C3D3A0C2B0 /* Frameworks */ = {
			isa = PBXGroup;
			children = (
				FAA256B8265F7BF2002F9A1E /* Core.framework */,
				396429B54CB03987DAA9629A /* Pods_TransactionConfirmation.framework */,
			);
			name = Frameworks;
			sourceTree = "<group>";
		};
		F16E1EE2DBD3C0A40D897308 /* Pods */ = {
			isa = PBXGroup;
			children = (
				82C6A5A436F6E1E835EC8D1F /* Pods-TransactionDetail.debug.xcconfig */,
				9BB2AECFF261022C32CEA327 /* Pods-TransactionDetail.release.xcconfig */,
				F74728F8D5FC2B1850D3C1CF /* Pods-TransactionConfirmation.debug.xcconfig */,
				2F8D9083BA06681E194F57B7 /* Pods-TransactionConfirmation.release.xcconfig */,
			);
			name = Pods;
			path = ../../App/Pods;
			sourceTree = "<group>";
		};
		FA73C4E2265CDB13004AFAF4 = {
			isa = PBXGroup;
			children = (
				FA73C4EE265CDB13004AFAF4 /* TransactionConfirmation */,
				FA73C4ED265CDB13004AFAF4 /* Products */,
				F16E1EE2DBD3C0A40D897308 /* Pods */,
				939C891755FF45C3D3A0C2B0 /* Frameworks */,
			);
			sourceTree = "<group>";
		};
		FA73C4ED265CDB13004AFAF4 /* Products */ = {
			isa = PBXGroup;
			children = (
				FA73C4EC265CDB13004AFAF4 /* TransactionConfirmation.framework */,
			);
			name = Products;
			sourceTree = "<group>";
		};
		FA73C4EE265CDB13004AFAF4 /* TransactionConfirmation */ = {
			isa = PBXGroup;
			children = (
				FAA25698265F7A87002F9A1E /* Router */,
				FAA25696265F7A7E002F9A1E /* Presenter */,
				FAA25695265F7A7A002F9A1E /* View */,
				FA73C4EF265CDB13004AFAF4 /* TransactionConfirmation.h */,
				FA73C4F0265CDB13004AFAF4 /* Info.plist */,
			);
			path = TransactionConfirmation;
			sourceTree = "<group>";
		};
		FAA25695265F7A7A002F9A1E /* View */ = {
			isa = PBXGroup;
			children = (
				FAA25699265F7A9B002F9A1E /* TransactionConfirmationView.swift */,
				FAA2569E265F7AB3002F9A1E /* TransactionConfirmationViewController.swift */,
				FAA2569F265F7AB3002F9A1E /* TransactionConfirmationViewController.xib */,
			);
			path = View;
			sourceTree = "<group>";
		};
		FAA25696265F7A7E002F9A1E /* Presenter */ = {
			isa = PBXGroup;
			children = (
				FAA256A3265F7ABD002F9A1E /* TransactionConfirmationPresenter.swift */,
				FAA256A6265F7AC7002F9A1E /* TransactionConfirmationPresenterImpl.swift */,
			);
			path = Presenter;
			sourceTree = "<group>";
		};
		FAA25698265F7A87002F9A1E /* Router */ = {
			isa = PBXGroup;
			children = (
				FAA256B2265F7AE9002F9A1E /* TransactionConfirmationRouter.swift */,
				FAA256B5265F7AF0002F9A1E /* TransactionConfirmationRouterImpl.swift */,
			);
			path = Router;
			sourceTree = "<group>";
		};
/* End PBXGroup section */

/* Begin PBXHeadersBuildPhase section */
		FA73C4E7265CDB13004AFAF4 /* Headers */ = {
			isa = PBXHeadersBuildPhase;
			buildActionMask = 2147483647;
			files = (
				FA73C4F1265CDB13004AFAF4 /* TransactionConfirmation.h in Headers */,
			);
			runOnlyForDeploymentPostprocessing = 0;
		};
/* End PBXHeadersBuildPhase section */

/* Begin PBXNativeTarget section */
		FA73C4EB265CDB13004AFAF4 /* TransactionConfirmation */ = {
			isa = PBXNativeTarget;
			buildConfigurationList = FA73C4F4265CDB13004AFAF4 /* Build configuration list for PBXNativeTarget "TransactionConfirmation" */;
			buildPhases = (
				1579D7D65F47CB3F3F591AE3 /* [CP] Check Pods Manifest.lock */,
				FA73C4E7265CDB13004AFAF4 /* Headers */,
				FA73C4E8265CDB13004AFAF4 /* Sources */,
				FA73C4E9265CDB13004AFAF4 /* Frameworks */,
				FA73C4EA265CDB13004AFAF4 /* Resources */,
				FAA256BB265F7BF2002F9A1E /* Embed Frameworks */,
			);
			buildRules = (
			);
			dependencies = (
			);
			name = TransactionConfirmation;
			productName = TransactionDetail;
			productReference = FA73C4EC265CDB13004AFAF4 /* TransactionConfirmation.framework */;
			productType = "com.apple.product-type.framework";
		};
/* End PBXNativeTarget section */

/* Begin PBXProject section */
		FA73C4E3265CDB13004AFAF4 /* Project object */ = {
			isa = PBXProject;
			attributes = {
				LastUpgradeCheck = 1240;
				TargetAttributes = {
					FA73C4EB265CDB13004AFAF4 = {
						CreatedOnToolsVersion = 12.4;
						LastSwiftMigration = 1240;
					};
				};
			};
			buildConfigurationList = FA73C4E6265CDB13004AFAF4 /* Build configuration list for PBXProject "TransactionConfirmation" */;
			compatibilityVersion = "Xcode 9.3";
			developmentRegion = en;
			hasScannedForEncodings = 0;
			knownRegions = (
				en,
				Base,
			);
			mainGroup = FA73C4E2265CDB13004AFAF4;
			productRefGroup = FA73C4ED265CDB13004AFAF4 /* Products */;
			projectDirPath = "";
			projectRoot = "";
			targets = (
				FA73C4EB265CDB13004AFAF4 /* TransactionConfirmation */,
			);
		};
/* End PBXProject section */

/* Begin PBXResourcesBuildPhase section */
		FA73C4EA265CDB13004AFAF4 /* Resources */ = {
			isa = PBXResourcesBuildPhase;
			buildActionMask = 2147483647;
			files = (
				FAA256A1265F7AB3002F9A1E /* TransactionConfirmationViewController.xib in Resources */,
			);
			runOnlyForDeploymentPostprocessing = 0;
		};
/* End PBXResourcesBuildPhase section */

/* Begin PBXShellScriptBuildPhase section */
		1579D7D65F47CB3F3F591AE3 /* [CP] Check Pods Manifest.lock */ = {
			isa = PBXShellScriptBuildPhase;
			buildActionMask = 2147483647;
			files = (
			);
			inputFileListPaths = (
			);
			inputPaths = (
				"${PODS_PODFILE_DIR_PATH}/Podfile.lock",
				"${PODS_ROOT}/Manifest.lock",
			);
			name = "[CP] Check Pods Manifest.lock";
			outputFileListPaths = (
			);
			outputPaths = (
				"$(DERIVED_FILE_DIR)/Pods-TransactionConfirmation-checkManifestLockResult.txt",
			);
			runOnlyForDeploymentPostprocessing = 0;
			shellPath = /bin/sh;
			shellScript = "diff \"${PODS_PODFILE_DIR_PATH}/Podfile.lock\" \"${PODS_ROOT}/Manifest.lock\" > /dev/null\nif [ $? != 0 ] ; then\n    # print error to STDERR\n    echo \"error: The sandbox is not in sync with the Podfile.lock. Run 'pod install' or update your CocoaPods installation.\" >&2\n    exit 1\nfi\n# This output is used by Xcode 'outputs' to avoid re-running this script phase.\necho \"SUCCESS\" > \"${SCRIPT_OUTPUT_FILE_0}\"\n";
			showEnvVarsInLog = 0;
		};
/* End PBXShellScriptBuildPhase section */

/* Begin PBXSourcesBuildPhase section */
		FA73C4E8265CDB13004AFAF4 /* Sources */ = {
			isa = PBXSourcesBuildPhase;
			buildActionMask = 2147483647;
			files = (
				FAA256A0265F7AB3002F9A1E /* TransactionConfirmationViewController.swift in Sources */,
				FAA256B3265F7AE9002F9A1E /* TransactionConfirmationRouter.swift in Sources */,
				FAA256A4265F7ABD002F9A1E /* TransactionConfirmationPresenter.swift in Sources */,
				FAA256A7265F7AC7002F9A1E /* TransactionConfirmationPresenterImpl.swift in Sources */,
				FAA256B6265F7AF0002F9A1E /* TransactionConfirmationRouterImpl.swift in Sources */,
				FAA2569A265F7A9B002F9A1E /* TransactionConfirmationView.swift in Sources */,
			);
			runOnlyForDeploymentPostprocessing = 0;
		};
/* End PBXSourcesBuildPhase section */

/* Begin XCBuildConfiguration section */
		FA73C4F2265CDB13004AFAF4 /* Debug */ = {
			isa = XCBuildConfiguration;
			buildSettings = {
				ALWAYS_SEARCH_USER_PATHS = NO;
				CLANG_ANALYZER_NONNULL = YES;
				CLANG_ANALYZER_NUMBER_OBJECT_CONVERSION = YES_AGGRESSIVE;
				CLANG_CXX_LANGUAGE_STANDARD = "gnu++14";
				CLANG_CXX_LIBRARY = "libc++";
				CLANG_ENABLE_MODULES = YES;
				CLANG_ENABLE_OBJC_ARC = YES;
				CLANG_ENABLE_OBJC_WEAK = YES;
				CLANG_WARN_BLOCK_CAPTURE_AUTORELEASING = YES;
				CLANG_WARN_BOOL_CONVERSION = YES;
				CLANG_WARN_COMMA = YES;
				CLANG_WARN_CONSTANT_CONVERSION = YES;
				CLANG_WARN_DEPRECATED_OBJC_IMPLEMENTATIONS = YES;
				CLANG_WARN_DIRECT_OBJC_ISA_USAGE = YES_ERROR;
				CLANG_WARN_DOCUMENTATION_COMMENTS = YES;
				CLANG_WARN_EMPTY_BODY = YES;
				CLANG_WARN_ENUM_CONVERSION = YES;
				CLANG_WARN_INFINITE_RECURSION = YES;
				CLANG_WARN_INT_CONVERSION = YES;
				CLANG_WARN_NON_LITERAL_NULL_CONVERSION = YES;
				CLANG_WARN_OBJC_IMPLICIT_RETAIN_SELF = YES;
				CLANG_WARN_OBJC_LITERAL_CONVERSION = YES;
				CLANG_WARN_OBJC_ROOT_CLASS = YES_ERROR;
				CLANG_WARN_QUOTED_INCLUDE_IN_FRAMEWORK_HEADER = YES;
				CLANG_WARN_RANGE_LOOP_ANALYSIS = YES;
				CLANG_WARN_STRICT_PROTOTYPES = YES;
				CLANG_WARN_SUSPICIOUS_MOVE = YES;
				CLANG_WARN_UNGUARDED_AVAILABILITY = YES_AGGRESSIVE;
				CLANG_WARN_UNREACHABLE_CODE = YES;
				CLANG_WARN__DUPLICATE_METHOD_MATCH = YES;
				COPY_PHASE_STRIP = NO;
				CURRENT_PROJECT_VERSION = 1;
				DEBUG_INFORMATION_FORMAT = dwarf;
				ENABLE_STRICT_OBJC_MSGSEND = YES;
				ENABLE_TESTABILITY = YES;
				GCC_C_LANGUAGE_STANDARD = gnu11;
				GCC_DYNAMIC_NO_PIC = NO;
				GCC_NO_COMMON_BLOCKS = YES;
				GCC_OPTIMIZATION_LEVEL = 0;
				GCC_PREPROCESSOR_DEFINITIONS = (
					"DEBUG=1",
					"$(inherited)",
				);
				GCC_WARN_64_TO_32_BIT_CONVERSION = YES;
				GCC_WARN_ABOUT_RETURN_TYPE = YES_ERROR;
				GCC_WARN_UNDECLARED_SELECTOR = YES;
				GCC_WARN_UNINITIALIZED_AUTOS = YES_AGGRESSIVE;
				GCC_WARN_UNUSED_FUNCTION = YES;
				GCC_WARN_UNUSED_VARIABLE = YES;
				IPHONEOS_DEPLOYMENT_TARGET = 14.4;
				MTL_ENABLE_DEBUG_INFO = INCLUDE_SOURCE;
				MTL_FAST_MATH = YES;
				ONLY_ACTIVE_ARCH = YES;
				SDKROOT = iphoneos;
				SWIFT_ACTIVE_COMPILATION_CONDITIONS = DEBUG;
				SWIFT_OPTIMIZATION_LEVEL = "-Onone";
				VERSIONING_SYSTEM = "apple-generic";
				VERSION_INFO_PREFIX = "";
			};
			name = Debug;
		};
		FA73C4F3265CDB13004AFAF4 /* Release */ = {
			isa = XCBuildConfiguration;
			buildSettings = {
				ALWAYS_SEARCH_USER_PATHS = NO;
				CLANG_ANALYZER_NONNULL = YES;
				CLANG_ANALYZER_NUMBER_OBJECT_CONVERSION = YES_AGGRESSIVE;
				CLANG_CXX_LANGUAGE_STANDARD = "gnu++14";
				CLANG_CXX_LIBRARY = "libc++";
				CLANG_ENABLE_MODULES = YES;
				CLANG_ENABLE_OBJC_ARC = YES;
				CLANG_ENABLE_OBJC_WEAK = YES;
				CLANG_WARN_BLOCK_CAPTURE_AUTORELEASING = YES;
				CLANG_WARN_BOOL_CONVERSION = YES;
				CLANG_WARN_COMMA = YES;
				CLANG_WARN_CONSTANT_CONVERSION = YES;
				CLANG_WARN_DEPRECATED_OBJC_IMPLEMENTATIONS = YES;
				CLANG_WARN_DIRECT_OBJC_ISA_USAGE = YES_ERROR;
				CLANG_WARN_DOCUMENTATION_COMMENTS = YES;
				CLANG_WARN_EMPTY_BODY = YES;
				CLANG_WARN_ENUM_CONVERSION = YES;
				CLANG_WARN_INFINITE_RECURSION = YES;
				CLANG_WARN_INT_CONVERSION = YES;
				CLANG_WARN_NON_LITERAL_NULL_CONVERSION = YES;
				CLANG_WARN_OBJC_IMPLICIT_RETAIN_SELF = YES;
				CLANG_WARN_OBJC_LITERAL_CONVERSION = YES;
				CLANG_WARN_OBJC_ROOT_CLASS = YES_ERROR;
				CLANG_WARN_QUOTED_INCLUDE_IN_FRAMEWORK_HEADER = YES;
				CLANG_WARN_RANGE_LOOP_ANALYSIS = YES;
				CLANG_WARN_STRICT_PROTOTYPES = YES;
				CLANG_WARN_SUSPICIOUS_MOVE = YES;
				CLANG_WARN_UNGUARDED_AVAILABILITY = YES_AGGRESSIVE;
				CLANG_WARN_UNREACHABLE_CODE = YES;
				CLANG_WARN__DUPLICATE_METHOD_MATCH = YES;
				COPY_PHASE_STRIP = NO;
				CURRENT_PROJECT_VERSION = 1;
				DEBUG_INFORMATION_FORMAT = "dwarf-with-dsym";
				ENABLE_NS_ASSERTIONS = NO;
				ENABLE_STRICT_OBJC_MSGSEND = YES;
				GCC_C_LANGUAGE_STANDARD = gnu11;
				GCC_NO_COMMON_BLOCKS = YES;
				GCC_WARN_64_TO_32_BIT_CONVERSION = YES;
				GCC_WARN_ABOUT_RETURN_TYPE = YES_ERROR;
				GCC_WARN_UNDECLARED_SELECTOR = YES;
				GCC_WARN_UNINITIALIZED_AUTOS = YES_AGGRESSIVE;
				GCC_WARN_UNUSED_FUNCTION = YES;
				GCC_WARN_UNUSED_VARIABLE = YES;
				IPHONEOS_DEPLOYMENT_TARGET = 14.4;
				MTL_ENABLE_DEBUG_INFO = NO;
				MTL_FAST_MATH = YES;
				SDKROOT = iphoneos;
				SWIFT_COMPILATION_MODE = wholemodule;
				SWIFT_OPTIMIZATION_LEVEL = "-O";
				VALIDATE_PRODUCT = YES;
				VERSIONING_SYSTEM = "apple-generic";
				VERSION_INFO_PREFIX = "";
			};
			name = Release;
		};
		FA73C4F5265CDB13004AFAF4 /* Debug */ = {
			isa = XCBuildConfiguration;
			baseConfigurationReference = F74728F8D5FC2B1850D3C1CF /* Pods-TransactionConfirmation.debug.xcconfig */;
			buildSettings = {
				CLANG_ENABLE_MODULES = YES;
				CODE_SIGN_STYLE = Automatic;
				DEFINES_MODULE = YES;
				DEVELOPMENT_TEAM = M8XS2W68DL;
				DYLIB_COMPATIBILITY_VERSION = 1;
				DYLIB_CURRENT_VERSION = 1;
				DYLIB_INSTALL_NAME_BASE = "@rpath";
				INFOPLIST_FILE = TransactionConfirmation/Info.plist;
				INSTALL_PATH = "$(LOCAL_LIBRARY_DIR)/Frameworks";
				IPHONEOS_DEPLOYMENT_TARGET = 12.1;
				LD_RUNPATH_SEARCH_PATHS = (
					"$(inherited)",
					"@executable_path/Frameworks",
					"@loader_path/Frameworks",
				);
				PRODUCT_BUNDLE_IDENTIFIER = com.casestudy.TransactionConfirmation;
				PRODUCT_NAME = "$(TARGET_NAME:c99extidentifier)";
				SKIP_INSTALL = YES;
				SUPPORTS_MACCATALYST = NO;
				SWIFT_OPTIMIZATION_LEVEL = "-Onone";
				SWIFT_VERSION = 5.0;
				TARGETED_DEVICE_FAMILY = "1,2";
			};
			name = Debug;
		};
		FA73C4F6265CDB13004AFAF4 /* Release */ = {
			isa = XCBuildConfiguration;
			baseConfigurationReference = 2F8D9083BA06681E194F57B7 /* Pods-TransactionConfirmation.release.xcconfig */;
			buildSettings = {
				CLANG_ENABLE_MODULES = YES;
				CODE_SIGN_STYLE = Automatic;
				DEFINES_MODULE = YES;
				DEVELOPMENT_TEAM = M8XS2W68DL;
				DYLIB_COMPATIBILITY_VERSION = 1;
				DYLIB_CURRENT_VERSION = 1;
				DYLIB_INSTALL_NAME_BASE = "@rpath";
				INFOPLIST_FILE = TransactionConfirmation/Info.plist;
				INSTALL_PATH = "$(LOCAL_LIBRARY_DIR)/Frameworks";
				IPHONEOS_DEPLOYMENT_TARGET = 12.1;
				LD_RUNPATH_SEARCH_PATHS = (
					"$(inherited)",
					"@executable_path/Frameworks",
					"@loader_path/Frameworks",
				);
				PRODUCT_BUNDLE_IDENTIFIER = com.casestudy.TransactionConfirmation;
				PRODUCT_NAME = "$(TARGET_NAME:c99extidentifier)";
				SKIP_INSTALL = YES;
				SUPPORTS_MACCATALYST = NO;
				SWIFT_VERSION = 5.0;
				TARGETED_DEVICE_FAMILY = "1,2";
			};
			name = Release;
		};
/* End XCBuildConfiguration section */

/* Begin XCConfigurationList section */
		FA73C4E6265CDB13004AFAF4 /* Build configuration list for PBXProject "TransactionConfirmation" */ = {
			isa = XCConfigurationList;
			buildConfigurations = (
				FA73C4F2265CDB13004AFAF4 /* Debug */,
				FA73C4F3265CDB13004AFAF4 /* Release */,
			);
			defaultConfigurationIsVisible = 0;
			defaultConfigurationName = Release;
		};
		FA73C4F4265CDB13004AFAF4 /* Build configuration list for PBXNativeTarget "TransactionConfirmation" */ = {
			isa = XCConfigurationList;
			buildConfigurations = (
				FA73C4F5265CDB13004AFAF4 /* Debug */,
				FA73C4F6265CDB13004AFAF4 /* Release */,
			);
			defaultConfigurationIsVisible = 0;
			defaultConfigurationName = Release;
		};
/* End XCConfigurationList section */
	};
	rootObject = FA73C4E3265CDB13004AFAF4 /* Project object */;
}
