// !$*UTF8*$!
{
	archiveVersion = 1;
	classes = {
	};
	objectVersion = 50;
	objects = {

/* Begin PBXBuildFile section */
		78B6CDA35BBCC60D7224A01F /* Pods_PINConfirmation.framework in Frameworks */ = {isa = PBXBuildFile; fileRef = 3F5A490473E721ECAC422C9A /* Pods_PINConfirmation.framework */; };
		FA73C4DB265CDAA2004AFAF4 /* PINConfirmation.h in Headers */ = {isa = PBXBuildFile; fileRef = FA73C4D9265CDAA2004AFAF4 /* PINConfirmation.h */; settings = {ATTRIBUTES = (Public, ); }; };
		FAA2566C265F5F74002F9A1E /* PINConfirmationViewController.swift in Sources */ = {isa = PBXBuildFile; fileRef = FAA2566A265F5F74002F9A1E /* PINConfirmationViewController.swift */; };
		FAA2566D265F5F74002F9A1E /* PINConfirmationViewController.xib in Resources */ = {isa = PBXBuildFile; fileRef = FAA2566B265F5F74002F9A1E /* PINConfirmationViewController.xib */; };
		FAA25670265F5F80002F9A1E /* PINConfirmationView.swift in Sources */ = {isa = PBXBuildFile; fileRef = FAA2566F265F5F80002F9A1E /* PINConfirmationView.swift */; };
		FAA25674265F5FA1002F9A1E /* PINConfirmationRouter.swift in Sources */ = {isa = PBXBuildFile; fileRef = FAA25673265F5FA1002F9A1E /* PINConfirmationRouter.swift */; };
		FAA25678265F5FA8002F9A1E /* PINConfirmationRouterImpl.swift in Sources */ = {isa = PBXBuildFile; fileRef = FAA25677265F5FA8002F9A1E /* PINConfirmationRouterImpl.swift */; };
		FAA2567C265F5FB9002F9A1E /* PINConfirmationInteractor.swift in Sources */ = {isa = PBXBuildFile; fileRef = FAA2567B265F5FB9002F9A1E /* PINConfirmationInteractor.swift */; };
		FAA25680265F5FC1002F9A1E /* PINConfirmationInteractorOutput.swift in Sources */ = {isa = PBXBuildFile; fileRef = FAA2567F265F5FC1002F9A1E /* PINConfirmationInteractorOutput.swift */; };
		FAA25688265F5FDA002F9A1E /* PINConfirmationPresenter.swift in Sources */ = {isa = PBXBuildFile; fileRef = FAA25687265F5FDA002F9A1E /* PINConfirmationPresenter.swift */; };
		FAA2568C265F5FE1002F9A1E /* PINConfirmationPresenterImpl.swift in Sources */ = {isa = PBXBuildFile; fileRef = FAA2568B265F5FE1002F9A1E /* PINConfirmationPresenterImpl.swift */; };
		FAA25690265F6927002F9A1E /* Core.framework in Frameworks */ = {isa = PBXBuildFile; fileRef = FAA2568F265F6927002F9A1E /* Core.framework */; };
		FAA25691265F6927002F9A1E /* Core.framework in Embed Frameworks */ = {isa = PBXBuildFile; fileRef = FAA2568F265F6927002F9A1E /* Core.framework */; settings = {ATTRIBUTES = (CodeSignOnCopy, RemoveHeadersOnCopy, ); }; };
		FAA25694265F6E93002F9A1E /* PINConfirmationInteractorImpl.swift in Sources */ = {isa = PBXBuildFile; fileRef = FAA25693265F6E93002F9A1E /* PINConfirmationInteractorImpl.swift */; };
/* End PBXBuildFile section */

/* Begin PBXCopyFilesBuildPhase section */
		FAA25692265F6927002F9A1E /* Embed Frameworks */ = {
			isa = PBXCopyFilesBuildPhase;
			buildActionMask = 2147483647;
			dstPath = "";
			dstSubfolderSpec = 10;
			files = (
				FAA25691265F6927002F9A1E /* Core.framework in Embed Frameworks */,
			);
			name = "Embed Frameworks";
			runOnlyForDeploymentPostprocessing = 0;
		};
/* End PBXCopyFilesBuildPhase section */

/* Begin PBXFileReference section */
		3F5A490473E721ECAC422C9A /* Pods_PINConfirmation.framework */ = {isa = PBXFileReference; explicitFileType = wrapper.framework; includeInIndex = 0; path = Pods_PINConfirmation.framework; sourceTree = BUILT_PRODUCTS_DIR; };
		5A69B3E2CD6DD72BAEE77E4F /* Pods-PINConfirmation.release.xcconfig */ = {isa = PBXFileReference; includeInIndex = 1; lastKnownFileType = text.xcconfig; name = "Pods-PINConfirmation.release.xcconfig"; path = "Target Support Files/Pods-PINConfirmation/Pods-PINConfirmation.release.xcconfig"; sourceTree = "<group>"; };
		6D31DAC09AF150F3BC27A43F /* Pods-PINConfirmation.debug.xcconfig */ = {isa = PBXFileReference; includeInIndex = 1; lastKnownFileType = text.xcconfig; name = "Pods-PINConfirmation.debug.xcconfig"; path = "Target Support Files/Pods-PINConfirmation/Pods-PINConfirmation.debug.xcconfig"; sourceTree = "<group>"; };
		FA73C4D6265CDAA2004AFAF4 /* PINConfirmation.framework */ = {isa = PBXFileReference; explicitFileType = wrapper.framework; includeInIndex = 0; path = PINConfirmation.framework; sourceTree = BUILT_PRODUCTS_DIR; };
		FA73C4D9265CDAA2004AFAF4 /* PINConfirmation.h */ = {isa = PBXFileReference; lastKnownFileType = sourcecode.c.h; path = PINConfirmation.h; sourceTree = "<group>"; };
		FA73C4DA265CDAA2004AFAF4 /* Info.plist */ = {isa = PBXFileReference; lastKnownFileType = text.plist.xml; path = Info.plist; sourceTree = "<group>"; };
		FAA2566A265F5F74002F9A1E /* PINConfirmationViewController.swift */ = {isa = PBXFileReference; lastKnownFileType = sourcecode.swift; path = PINConfirmationViewController.swift; sourceTree = "<group>"; };
		FAA2566B265F5F74002F9A1E /* PINConfirmationViewController.xib */ = {isa = PBXFileReference; lastKnownFileType = file.xib; path = PINConfirmationViewController.xib; sourceTree = "<group>"; };
		FAA2566F265F5F80002F9A1E /* PINConfirmationView.swift */ = {isa = PBXFileReference; lastKnownFileType = sourcecode.swift; path = PINConfirmationView.swift; sourceTree = "<group>"; };
		FAA25673265F5FA1002F9A1E /* PINConfirmationRouter.swift */ = {isa = PBXFileReference; lastKnownFileType = sourcecode.swift; path = PINConfirmationRouter.swift; sourceTree = "<group>"; };
		FAA25677265F5FA8002F9A1E /* PINConfirmationRouterImpl.swift */ = {isa = PBXFileReference; lastKnownFileType = sourcecode.swift; path = PINConfirmationRouterImpl.swift; sourceTree = "<group>"; };
		FAA2567B265F5FB9002F9A1E /* PINConfirmationInteractor.swift */ = {isa = PBXFileReference; lastKnownFileType = sourcecode.swift; path = PINConfirmationInteractor.swift; sourceTree = "<group>"; };
		FAA2567F265F5FC1002F9A1E /* PINConfirmationInteractorOutput.swift */ = {isa = PBXFileReference; lastKnownFileType = sourcecode.swift; path = PINConfirmationInteractorOutput.swift; sourceTree = "<group>"; };
		FAA25687265F5FDA002F9A1E /* PINConfirmationPresenter.swift */ = {isa = PBXFileReference; lastKnownFileType = sourcecode.swift; path = PINConfirmationPresenter.swift; sourceTree = "<group>"; };
		FAA2568B265F5FE1002F9A1E /* PINConfirmationPresenterImpl.swift */ = {isa = PBXFileReference; lastKnownFileType = sourcecode.swift; path = PINConfirmationPresenterImpl.swift; sourceTree = "<group>"; };
		FAA2568F265F6927002F9A1E /* Core.framework */ = {isa = PBXFileReference; explicitFileType = wrapper.framework; path = Core.framework; sourceTree = BUILT_PRODUCTS_DIR; };
		FAA25693265F6E93002F9A1E /* PINConfirmationInteractorImpl.swift */ = {isa = PBXFileReference; lastKnownFileType = sourcecode.swift; path = PINConfirmationInteractorImpl.swift; sourceTree = "<group>"; };
/* End PBXFileReference section */

/* Begin PBXFrameworksBuildPhase section */
		FA73C4D3265CDAA2004AFAF4 /* Frameworks */ = {
			isa = PBXFrameworksBuildPhase;
			buildActionMask = 2147483647;
			files = (
				78B6CDA35BBCC60D7224A01F /* Pods_PINConfirmation.framework in Frameworks */,
				FAA25690265F6927002F9A1E /* Core.framework in Frameworks */,
			);
			runOnlyForDeploymentPostprocessing = 0;
		};
/* End PBXFrameworksBuildPhase section */

/* Begin PBXGroup section */
		3A14C199395804CA1C56C27D /* Pods */ = {
			isa = PBXGroup;
			children = (
				6D31DAC09AF150F3BC27A43F /* Pods-PINConfirmation.debug.xcconfig */,
				5A69B3E2CD6DD72BAEE77E4F /* Pods-PINConfirmation.release.xcconfig */,
			);
			name = Pods;
			path = ../../App/Pods;
			sourceTree = "<group>";
		};
		B3F4AE4C27191B33892C8E32 /* Frameworks */ = {
			isa = PBXGroup;
			children = (
				FAA2568F265F6927002F9A1E /* Core.framework */,
				3F5A490473E721ECAC422C9A /* Pods_PINConfirmation.framework */,
			);
			name = Frameworks;
			sourceTree = "<group>";
		};
		FA73C4CC265CDAA2004AFAF4 = {
			isa = PBXGroup;
			children = (
				FA73C4D8265CDAA2004AFAF4 /* PINConfirmation */,
				FA73C4D7265CDAA2004AFAF4 /* Products */,
				3A14C199395804CA1C56C27D /* Pods */,
				B3F4AE4C27191B33892C8E32 /* Frameworks */,
			);
			sourceTree = "<group>";
		};
		FA73C4D7265CDAA2004AFAF4 /* Products */ = {
			isa = PBXGroup;
			children = (
				FA73C4D6265CDAA2004AFAF4 /* PINConfirmation.framework */,
			);
			name = Products;
			sourceTree = "<group>";
		};
		FA73C4D8265CDAA2004AFAF4 /* PINConfirmation */ = {
			isa = PBXGroup;
			children = (
				FAA25685265F5FCB002F9A1E /* Presenter */,
				FAA2567A265F5FAC002F9A1E /* Interactor */,
				FAA25672265F5F90002F9A1E /* Router */,
				FAA25668265F5F08002F9A1E /* View */,
				FA73C4D9265CDAA2004AFAF4 /* PINConfirmation.h */,
				FA73C4DA265CDAA2004AFAF4 /* Info.plist */,
			);
			path = PINConfirmation;
			sourceTree = "<group>";
		};
		FAA25668265F5F08002F9A1E /* View */ = {
			isa = PBXGroup;
			children = (
				FAA2566A265F5F74002F9A1E /* PINConfirmationViewController.swift */,
				FAA2566B265F5F74002F9A1E /* PINConfirmationViewController.xib */,
				FAA2566F265F5F80002F9A1E /* PINConfirmationView.swift */,
			);
			path = View;
			sourceTree = "<group>";
		};
		FAA25672265F5F90002F9A1E /* Router */ = {
			isa = PBXGroup;
			children = (
				FAA25673265F5FA1002F9A1E /* PINConfirmationRouter.swift */,
				FAA25677265F5FA8002F9A1E /* PINConfirmationRouterImpl.swift */,
			);
			path = Router;
			sourceTree = "<group>";
		};
		FAA2567A265F5FAC002F9A1E /* Interactor */ = {
			isa = PBXGroup;
			children = (
				FAA2567B265F5FB9002F9A1E /* PINConfirmationInteractor.swift */,
				FAA2567F265F5FC1002F9A1E /* PINConfirmationInteractorOutput.swift */,
				FAA25693265F6E93002F9A1E /* PINConfirmationInteractorImpl.swift */,
			);
			path = Interactor;
			sourceTree = "<group>";
		};
		FAA25685265F5FCB002F9A1E /* Presenter */ = {
			isa = PBXGroup;
			children = (
				FAA25687265F5FDA002F9A1E /* PINConfirmationPresenter.swift */,
				FAA2568B265F5FE1002F9A1E /* PINConfirmationPresenterImpl.swift */,
			);
			path = Presenter;
			sourceTree = "<group>";
		};
/* End PBXGroup section */

/* Begin PBXHeadersBuildPhase section */
		FA73C4D1265CDAA2004AFAF4 /* Headers */ = {
			isa = PBXHeadersBuildPhase;
			buildActionMask = 2147483647;
			files = (
				FA73C4DB265CDAA2004AFAF4 /* PINConfirmation.h in Headers */,
			);
			runOnlyForDeploymentPostprocessing = 0;
		};
/* End PBXHeadersBuildPhase section */

/* Begin PBXNativeTarget section */
		FA73C4D5265CDAA2004AFAF4 /* PINConfirmation */ = {
			isa = PBXNativeTarget;
			buildConfigurationList = FA73C4DE265CDAA2004AFAF4 /* Build configuration list for PBXNativeTarget "PINConfirmation" */;
			buildPhases = (
				B291677070BBBE1A3EF434A5 /* [CP] Check Pods Manifest.lock */,
				FA73C4D1265CDAA2004AFAF4 /* Headers */,
				FA73C4D2265CDAA2004AFAF4 /* Sources */,
				FA73C4D3265CDAA2004AFAF4 /* Frameworks */,
				FA73C4D4265CDAA2004AFAF4 /* Resources */,
				FAA25692265F6927002F9A1E /* Embed Frameworks */,
			);
			buildRules = (
			);
			dependencies = (
			);
			name = PINConfirmation;
			productName = PINConfirmation;
			productReference = FA73C4D6265CDAA2004AFAF4 /* PINConfirmation.framework */;
			productType = "com.apple.product-type.framework";
		};
/* End PBXNativeTarget section */

/* Begin PBXProject section */
		FA73C4CD265CDAA2004AFAF4 /* Project object */ = {
			isa = PBXProject;
			attributes = {
				LastUpgradeCheck = 1240;
				TargetAttributes = {
					FA73C4D5265CDAA2004AFAF4 = {
						CreatedOnToolsVersion = 12.4;
						LastSwiftMigration = 1240;
					};
				};
			};
			buildConfigurationList = FA73C4D0265CDAA2004AFAF4 /* Build configuration list for PBXProject "PINConfirmation" */;
			compatibilityVersion = "Xcode 9.3";
			developmentRegion = en;
			hasScannedForEncodings = 0;
			knownRegions = (
				en,
				Base,
			);
			mainGroup = FA73C4CC265CDAA2004AFAF4;
			productRefGroup = FA73C4D7265CDAA2004AFAF4 /* Products */;
			projectDirPath = "";
			projectRoot = "";
			targets = (
				FA73C4D5265CDAA2004AFAF4 /* PINConfirmation */,
			);
		};
/* End PBXProject section */

/* Begin PBXResourcesBuildPhase section */
		FA73C4D4265CDAA2004AFAF4 /* Resources */ = {
			isa = PBXResourcesBuildPhase;
			buildActionMask = 2147483647;
			files = (
				FAA2566D265F5F74002F9A1E /* PINConfirmationViewController.xib in Resources */,
			);
			runOnlyForDeploymentPostprocessing = 0;
		};
/* End PBXResourcesBuildPhase section */

/* Begin PBXShellScriptBuildPhase section */
		B291677070BBBE1A3EF434A5 /* [CP] Check Pods Manifest.lock */ = {
			isa = PBXShellScriptBuildPhase;
			buildActionMask = 2147483647;
			files = (
			);
			inputFileListPaths = (
			);
			inputPaths = (
				"${PODS_PODFILE_DIR_PATH}/Podfile.lock",
				"${PODS_ROOT}/Manifest.lock",
			);
			name = "[CP] Check Pods Manifest.lock";
			outputFileListPaths = (
			);
			outputPaths = (
				"$(DERIVED_FILE_DIR)/Pods-PINConfirmation-checkManifestLockResult.txt",
			);
			runOnlyForDeploymentPostprocessing = 0;
			shellPath = /bin/sh;
			shellScript = "diff \"${PODS_PODFILE_DIR_PATH}/Podfile.lock\" \"${PODS_ROOT}/Manifest.lock\" > /dev/null\nif [ $? != 0 ] ; then\n    # print error to STDERR\n    echo \"error: The sandbox is not in sync with the Podfile.lock. Run 'pod install' or update your CocoaPods installation.\" >&2\n    exit 1\nfi\n# This output is used by Xcode 'outputs' to avoid re-running this script phase.\necho \"SUCCESS\" > \"${SCRIPT_OUTPUT_FILE_0}\"\n";
			showEnvVarsInLog = 0;
		};
/* End PBXShellScriptBuildPhase section */

/* Begin PBXSourcesBuildPhase section */
		FA73C4D2265CDAA2004AFAF4 /* Sources */ = {
			isa = PBXSourcesBuildPhase;
			buildActionMask = 2147483647;
			files = (
				FAA25674265F5FA1002F9A1E /* PINConfirmationRouter.swift in Sources */,
				FAA25688265F5FDA002F9A1E /* PINConfirmationPresenter.swift in Sources */,
				FAA25678265F5FA8002F9A1E /* PINConfirmationRouterImpl.swift in Sources */,
				FAA25694265F6E93002F9A1E /* PINConfirmationInteractorImpl.swift in Sources */,
				FAA2567C265F5FB9002F9A1E /* PINConfirmationInteractor.swift in Sources */,
				FAA2566C265F5F74002F9A1E /* PINConfirmationViewController.swift in Sources */,
				FAA2568C265F5FE1002F9A1E /* PINConfirmationPresenterImpl.swift in Sources */,
				FAA25680265F5FC1002F9A1E /* PINConfirmationInteractorOutput.swift in Sources */,
				FAA25670265F5F80002F9A1E /* PINConfirmationView.swift in Sources */,
			);
			runOnlyForDeploymentPostprocessing = 0;
		};
/* End PBXSourcesBuildPhase section */

/* Begin XCBuildConfiguration section */
		FA73C4DC265CDAA2004AFAF4 /* Debug */ = {
			isa = XCBuildConfiguration;
			buildSettings = {
				ALWAYS_SEARCH_USER_PATHS = NO;
				CLANG_ANALYZER_NONNULL = YES;
				CLANG_ANALYZER_NUMBER_OBJECT_CONVERSION = YES_AGGRESSIVE;
				CLANG_CXX_LANGUAGE_STANDARD = "gnu++14";
				CLANG_CXX_LIBRARY = "libc++";
				CLANG_ENABLE_MODULES = YES;
				CLANG_ENABLE_OBJC_ARC = YES;
				CLANG_ENABLE_OBJC_WEAK = YES;
				CLANG_WARN_BLOCK_CAPTURE_AUTORELEASING = YES;
				CLANG_WARN_BOOL_CONVERSION = YES;
				CLANG_WARN_COMMA = YES;
				CLANG_WARN_CONSTANT_CONVERSION = YES;
				CLANG_WARN_DEPRECATED_OBJC_IMPLEMENTATIONS = YES;
				CLANG_WARN_DIRECT_OBJC_ISA_USAGE = YES_ERROR;
				CLANG_WARN_DOCUMENTATION_COMMENTS = YES;
				CLANG_WARN_EMPTY_BODY = YES;
				CLANG_WARN_ENUM_CONVERSION = YES;
				CLANG_WARN_INFINITE_RECURSION = YES;
				CLANG_WARN_INT_CONVERSION = YES;
				CLANG_WARN_NON_LITERAL_NULL_CONVERSION = YES;
				CLANG_WARN_OBJC_IMPLICIT_RETAIN_SELF = YES;
				CLANG_WARN_OBJC_LITERAL_CONVERSION = YES;
				CLANG_WARN_OBJC_ROOT_CLASS = YES_ERROR;
				CLANG_WARN_QUOTED_INCLUDE_IN_FRAMEWORK_HEADER = YES;
				CLANG_WARN_RANGE_LOOP_ANALYSIS = YES;
				CLANG_WARN_STRICT_PROTOTYPES = YES;
				CLANG_WARN_SUSPICIOUS_MOVE = YES;
				CLANG_WARN_UNGUARDED_AVAILABILITY = YES_AGGRESSIVE;
				CLANG_WARN_UNREACHABLE_CODE = YES;
				CLANG_WARN__DUPLICATE_METHOD_MATCH = YES;
				COPY_PHASE_STRIP = NO;
				CURRENT_PROJECT_VERSION = 1;
				DEBUG_INFORMATION_FORMAT = dwarf;
				ENABLE_STRICT_OBJC_MSGSEND = YES;
				ENABLE_TESTABILITY = YES;
				GCC_C_LANGUAGE_STANDARD = gnu11;
				GCC_DYNAMIC_NO_PIC = NO;
				GCC_NO_COMMON_BLOCKS = YES;
				GCC_OPTIMIZATION_LEVEL = 0;
				GCC_PREPROCESSOR_DEFINITIONS = (
					"DEBUG=1",
					"$(inherited)",
				);
				GCC_WARN_64_TO_32_BIT_CONVERSION = YES;
				GCC_WARN_ABOUT_RETURN_TYPE = YES_ERROR;
				GCC_WARN_UNDECLARED_SELECTOR = YES;
				GCC_WARN_UNINITIALIZED_AUTOS = YES_AGGRESSIVE;
				GCC_WARN_UNUSED_FUNCTION = YES;
				GCC_WARN_UNUSED_VARIABLE = YES;
				IPHONEOS_DEPLOYMENT_TARGET = 14.4;
				MTL_ENABLE_DEBUG_INFO = INCLUDE_SOURCE;
				MTL_FAST_MATH = YES;
				ONLY_ACTIVE_ARCH = YES;
				SDKROOT = iphoneos;
				SWIFT_ACTIVE_COMPILATION_CONDITIONS = DEBUG;
				SWIFT_OPTIMIZATION_LEVEL = "-Onone";
				VERSIONING_SYSTEM = "apple-generic";
				VERSION_INFO_PREFIX = "";
			};
			name = Debug;
		};
		FA73C4DD265CDAA2004AFAF4 /* Release */ = {
			isa = XCBuildConfiguration;
			buildSettings = {
				ALWAYS_SEARCH_USER_PATHS = NO;
				CLANG_ANALYZER_NONNULL = YES;
				CLANG_ANALYZER_NUMBER_OBJECT_CONVERSION = YES_AGGRESSIVE;
				CLANG_CXX_LANGUAGE_STANDARD = "gnu++14";
				CLANG_CXX_LIBRARY = "libc++";
				CLANG_ENABLE_MODULES = YES;
				CLANG_ENABLE_OBJC_ARC = YES;
				CLANG_ENABLE_OBJC_WEAK = YES;
				CLANG_WARN_BLOCK_CAPTURE_AUTORELEASING = YES;
				CLANG_WARN_BOOL_CONVERSION = YES;
				CLANG_WARN_COMMA = YES;
				CLANG_WARN_CONSTANT_CONVERSION = YES;
				CLANG_WARN_DEPRECATED_OBJC_IMPLEMENTATIONS = YES;
				CLANG_WARN_DIRECT_OBJC_ISA_USAGE = YES_ERROR;
				CLANG_WARN_DOCUMENTATION_COMMENTS = YES;
				CLANG_WARN_EMPTY_BODY = YES;
				CLANG_WARN_ENUM_CONVERSION = YES;
				CLANG_WARN_INFINITE_RECURSION = YES;
				CLANG_WARN_INT_CONVERSION = YES;
				CLANG_WARN_NON_LITERAL_NULL_CONVERSION = YES;
				CLANG_WARN_OBJC_IMPLICIT_RETAIN_SELF = YES;
				CLANG_WARN_OBJC_LITERAL_CONVERSION = YES;
				CLANG_WARN_OBJC_ROOT_CLASS = YES_ERROR;
				CLANG_WARN_QUOTED_INCLUDE_IN_FRAMEWORK_HEADER = YES;
				CLANG_WARN_RANGE_LOOP_ANALYSIS = YES;
				CLANG_WARN_STRICT_PROTOTYPES = YES;
				CLANG_WARN_SUSPICIOUS_MOVE = YES;
				CLANG_WARN_UNGUARDED_AVAILABILITY = YES_AGGRESSIVE;
				CLANG_WARN_UNREACHABLE_CODE = YES;
				CLANG_WARN__DUPLICATE_METHOD_MATCH = YES;
				COPY_PHASE_STRIP = NO;
				CURRENT_PROJECT_VERSION = 1;
				DEBUG_INFORMATION_FORMAT = "dwarf-with-dsym";
				ENABLE_NS_ASSERTIONS = NO;
				ENABLE_STRICT_OBJC_MSGSEND = YES;
				GCC_C_LANGUAGE_STANDARD = gnu11;
				GCC_NO_COMMON_BLOCKS = YES;
				GCC_WARN_64_TO_32_BIT_CONVERSION = YES;
				GCC_WARN_ABOUT_RETURN_TYPE = YES_ERROR;
				GCC_WARN_UNDECLARED_SELECTOR = YES;
				GCC_WARN_UNINITIALIZED_AUTOS = YES_AGGRESSIVE;
				GCC_WARN_UNUSED_FUNCTION = YES;
				GCC_WARN_UNUSED_VARIABLE = YES;
				IPHONEOS_DEPLOYMENT_TARGET = 14.4;
				MTL_ENABLE_DEBUG_INFO = NO;
				MTL_FAST_MATH = YES;
				SDKROOT = iphoneos;
				SWIFT_COMPILATION_MODE = wholemodule;
				SWIFT_OPTIMIZATION_LEVEL = "-O";
				VALIDATE_PRODUCT = YES;
				VERSIONING_SYSTEM = "apple-generic";
				VERSION_INFO_PREFIX = "";
			};
			name = Release;
		};
		FA73C4DF265CDAA2004AFAF4 /* Debug */ = {
			isa = XCBuildConfiguration;
			baseConfigurationReference = 6D31DAC09AF150F3BC27A43F /* Pods-PINConfirmation.debug.xcconfig */;
			buildSettings = {
				CLANG_ENABLE_MODULES = YES;
				CODE_SIGN_STYLE = Automatic;
				DEFINES_MODULE = YES;
				DEVELOPMENT_TEAM = M8XS2W68DL;
				DYLIB_COMPATIBILITY_VERSION = 1;
				DYLIB_CURRENT_VERSION = 1;
				DYLIB_INSTALL_NAME_BASE = "@rpath";
				INFOPLIST_FILE = PINConfirmation/Info.plist;
				INSTALL_PATH = "$(LOCAL_LIBRARY_DIR)/Frameworks";
				IPHONEOS_DEPLOYMENT_TARGET = 12.1;
				LD_RUNPATH_SEARCH_PATHS = (
					"$(inherited)",
					"@executable_path/Frameworks",
					"@loader_path/Frameworks",
				);
				PRODUCT_BUNDLE_IDENTIFIER = com.casestudy.PINConfirmation;
				PRODUCT_NAME = "$(TARGET_NAME:c99extidentifier)";
				SKIP_INSTALL = YES;
				SUPPORTS_MACCATALYST = NO;
				SWIFT_OPTIMIZATION_LEVEL = "-Onone";
				SWIFT_VERSION = 5.0;
				TARGETED_DEVICE_FAMILY = "1,2";
			};
			name = Debug;
		};
		FA73C4E0265CDAA2004AFAF4 /* Release */ = {
			isa = XCBuildConfiguration;
			baseConfigurationReference = 5A69B3E2CD6DD72BAEE77E4F /* Pods-PINConfirmation.release.xcconfig */;
			buildSettings = {
				CLANG_ENABLE_MODULES = YES;
				CODE_SIGN_STYLE = Automatic;
				DEFINES_MODULE = YES;
				DEVELOPMENT_TEAM = M8XS2W68DL;
				DYLIB_COMPATIBILITY_VERSION = 1;
				DYLIB_CURRENT_VERSION = 1;
				DYLIB_INSTALL_NAME_BASE = "@rpath";
				INFOPLIST_FILE = PINConfirmation/Info.plist;
				INSTALL_PATH = "$(LOCAL_LIBRARY_DIR)/Frameworks";
				IPHONEOS_DEPLOYMENT_TARGET = 12.1;
				LD_RUNPATH_SEARCH_PATHS = (
					"$(inherited)",
					"@executable_path/Frameworks",
					"@loader_path/Frameworks",
				);
				PRODUCT_BUNDLE_IDENTIFIER = com.casestudy.PINConfirmation;
				PRODUCT_NAME = "$(TARGET_NAME:c99extidentifier)";
				SKIP_INSTALL = YES;
				SUPPORTS_MACCATALYST = NO;
				SWIFT_VERSION = 5.0;
				TARGETED_DEVICE_FAMILY = "1,2";
			};
			name = Release;
		};
/* End XCBuildConfiguration section */

/* Begin XCConfigurationList section */
		FA73C4D0265CDAA2004AFAF4 /* Build configuration list for PBXProject "PINConfirmation" */ = {
			isa = XCConfigurationList;
			buildConfigurations = (
				FA73C4DC265CDAA2004AFAF4 /* Debug */,
				FA73C4DD265CDAA2004AFAF4 /* Release */,
			);
			defaultConfigurationIsVisible = 0;
			defaultConfigurationName = Release;
		};
		FA73C4DE265CDAA2004AFAF4 /* Build configuration list for PBXNativeTarget "PINConfirmation" */ = {
			isa = XCConfigurationList;
			buildConfigurations = (
				FA73C4DF265CDAA2004AFAF4 /* Debug */,
				FA73C4E0265CDAA2004AFAF4 /* Release */,
			);
			defaultConfigurationIsVisible = 0;
			defaultConfigurationName = Release;
		};
/* End XCConfigurationList section */
	};
	rootObject = FA73C4CD265CDAA2004AFAF4 /* Project object */;
}
